// !$*UTF8*$!
{
	archiveVersion = 1;
	classes = {
	};
	objectVersion = 46;
	objects = {

/* Begin PBXBuildFile section */
		B95D02531DA9AB0A0094E44D /* main.swift in Sources */ = {isa = PBXBuildFile; fileRef = B95D02521DA9AB0A0094E44D /* main.swift */; };
		B9912F2F1DFC8F45008215A6 /* DateExtensions.swift in Sources */ = {isa = PBXBuildFile; fileRef = B9912F1B1DFC8F45008215A6 /* DateExtensions.swift */; };
		B9912F301DFC8F45008215A6 /* NSSortDescriptorExtensions.swift in Sources */ = {isa = PBXBuildFile; fileRef = B9912F1C1DFC8F45008215A6 /* NSSortDescriptorExtensions.swift */; };
		B9912F311DFC8F45008215A6 /* CommandLineInterface.swift in Sources */ = {isa = PBXBuildFile; fileRef = B9912F1E1DFC8F45008215A6 /* CommandLineInterface.swift */; };
		B9912F321DFC8F45008215A6 /* hexdreams.swift in Sources */ = {isa = PBXBuildFile; fileRef = B9912F1F1DFC8F45008215A6 /* hexdreams.swift */; };
		B9912F351DFC8F45008215A6 /* StringExtensions.swift in Sources */ = {isa = PBXBuildFile; fileRef = B9912F241DFC8F45008215A6 /* StringExtensions.swift */; };
/* End PBXBuildFile section */

/* Begin PBXCopyFilesBuildPhase section */
		B95D024D1DA9AB0A0094E44D /* CopyFiles */ = {
			isa = PBXCopyFilesBuildPhase;
			buildActionMask = 2147483647;
			dstPath = /usr/share/man/man1/;
			dstSubfolderSpec = 0;
			files = (
			);
			runOnlyForDeploymentPostprocessing = 1;
		};
/* End PBXCopyFilesBuildPhase section */

/* Begin PBXFileReference section */
		B95D024F1DA9AB0A0094E44D /* jsonkvc */ = {isa = PBXFileReference; explicitFileType = "compiled.mach-o.executable"; includeInIndex = 0; path = jsonkvc; sourceTree = BUILT_PRODUCTS_DIR; };
		B95D02521DA9AB0A0094E44D /* main.swift */ = {isa = PBXFileReference; lastKnownFileType = sourcecode.swift; path = main.swift; sourceTree = "<group>"; };
		B9912F1B1DFC8F45008215A6 /* DateExtensions.swift */ = {isa = PBXFileReference; fileEncoding = 4; lastKnownFileType = sourcecode.swift; path = DateExtensions.swift; sourceTree = "<group>"; };
		B9912F1C1DFC8F45008215A6 /* NSSortDescriptorExtensions.swift */ = {isa = PBXFileReference; fileEncoding = 4; lastKnownFileType = sourcecode.swift; path = NSSortDescriptorExtensions.swift; sourceTree = "<group>"; };
		B9912F1E1DFC8F45008215A6 /* CommandLineInterface.swift */ = {isa = PBXFileReference; fileEncoding = 4; lastKnownFileType = sourcecode.swift; path = CommandLineInterface.swift; sourceTree = "<group>"; };
		B9912F1F1DFC8F45008215A6 /* hexdreams.swift */ = {isa = PBXFileReference; fileEncoding = 4; lastKnownFileType = sourcecode.swift; path = hexdreams.swift; sourceTree = "<group>"; };
		B9912F241DFC8F45008215A6 /* StringExtensions.swift */ = {isa = PBXFileReference; fileEncoding = 4; lastKnownFileType = sourcecode.swift; path = StringExtensions.swift; sourceTree = "<group>"; };
/* End PBXFileReference section */

/* Begin PBXFrameworksBuildPhase section */
		B95D024C1DA9AB0A0094E44D /* Frameworks */ = {
			isa = PBXFrameworksBuildPhase;
			buildActionMask = 2147483647;
			files = (
			);
			runOnlyForDeploymentPostprocessing = 0;
		};
/* End PBXFrameworksBuildPhase section */

/* Begin PBXGroup section */
		B95D02461DA9AB0A0094E44D = {
			isa = PBXGroup;
			children = (
				B95D02511DA9AB0A0094E44D /* jsonkvc */,
				B9912F101DFC8F45008215A6 /* hexdreamsCocoa */,
				B95D02501DA9AB0A0094E44D /* Products */,
			);
			sourceTree = "<group>";
		};
		B95D02501DA9AB0A0094E44D /* Products */ = {
			isa = PBXGroup;
			children = (
				B95D024F1DA9AB0A0094E44D /* jsonkvc */,
			);
			name = Products;
			sourceTree = "<group>";
		};
		B95D02511DA9AB0A0094E44D /* jsonkvc */ = {
			isa = PBXGroup;
			children = (
				B95D02521DA9AB0A0094E44D /* main.swift */,
			);
			path = jsonkvc;
			sourceTree = "<group>";
		};
		B9912F101DFC8F45008215A6 /* hexdreamsCocoa */ = {
			isa = PBXGroup;
			children = (
				B9912F1F1DFC8F45008215A6 /* hexdreams.swift */,
				B9912F1D1DFC8F45008215A6 /* hexdreams */,
				B9912F1A1DFC8F45008215A6 /* Foundation */,
				B9912F221DFC8F45008215A6 /* Swift */,
			);
			name = hexdreamsCocoa;
			path = ../Submodules/hexdreamsCocoa/Sources;
			sourceTree = SOURCE_ROOT;
		};
		B9912F1A1DFC8F45008215A6 /* Foundation */ = {
			isa = PBXGroup;
			children = (
				B9912F1B1DFC8F45008215A6 /* DateExtensions.swift */,
				B9912F1C1DFC8F45008215A6 /* NSSortDescriptorExtensions.swift */,
			);
			path = Foundation;
			sourceTree = "<group>";
		};
		B9912F1D1DFC8F45008215A6 /* hexdreams */ = {
			isa = PBXGroup;
			children = (
				B9912F1E1DFC8F45008215A6 /* CommandLineInterface.swift */,
			);
			path = hexdreams;
			sourceTree = "<group>";
		};
		B9912F221DFC8F45008215A6 /* Swift */ = {
			isa = PBXGroup;
			children = (
				B9912F241DFC8F45008215A6 /* StringExtensions.swift */,
			);
			path = Swift;
			sourceTree = "<group>";
		};
/* End PBXGroup section */

/* Begin PBXNativeTarget section */
		B95D024E1DA9AB0A0094E44D /* jsonkvc */ = {
			isa = PBXNativeTarget;
			buildConfigurationList = B95D02561DA9AB0A0094E44D /* Build configuration list for PBXNativeTarget "jsonkvc" */;
			buildPhases = (
				B95D024B1DA9AB0A0094E44D /* Sources */,
				B95D024C1DA9AB0A0094E44D /* Frameworks */,
				B95D024D1DA9AB0A0094E44D /* CopyFiles */,
			);
			buildRules = (
			);
			dependencies = (
			);
			name = jsonkvc;
			productName = jsonkvc;
			productReference = B95D024F1DA9AB0A0094E44D /* jsonkvc */;
			productType = "com.apple.product-type.tool";
		};
/* End PBXNativeTarget section */

/* Begin PBXProject section */
		B95D02471DA9AB0A0094E44D /* Project object */ = {
			isa = PBXProject;
			attributes = {
				LastSwiftUpdateCheck = 0810;
				LastUpgradeCheck = 0820;
				ORGANIZATIONNAME = "PepperDog Enterprises";
				TargetAttributes = {
					B95D024E1DA9AB0A0094E44D = {
						CreatedOnToolsVersion = 8.1;
						DevelopmentTeam = S4K89S6LAE;
						ProvisioningStyle = Automatic;
					};
				};
			};
			buildConfigurationList = B95D024A1DA9AB0A0094E44D /* Build configuration list for PBXProject "jsonkvc" */;
			compatibilityVersion = "Xcode 3.2";
			developmentRegion = English;
			hasScannedForEncodings = 0;
			knownRegions = (
				en,
			);
			mainGroup = B95D02461DA9AB0A0094E44D;
			productRefGroup = B95D02501DA9AB0A0094E44D /* Products */;
			projectDirPath = "";
			projectRoot = "";
			targets = (
				B95D024E1DA9AB0A0094E44D /* jsonkvc */,
			);
		};
/* End PBXProject section */

/* Begin PBXSourcesBuildPhase section */
		B95D024B1DA9AB0A0094E44D /* Sources */ = {
			isa = PBXSourcesBuildPhase;
			buildActionMask = 2147483647;
			files = (
				B95D02531DA9AB0A0094E44D /* main.swift in Sources */,
				B9912F301DFC8F45008215A6 /* NSSortDescriptorExtensions.swift in Sources */,
				B9912F2F1DFC8F45008215A6 /* DateExtensions.swift in Sources */,
				B9912F321DFC8F45008215A6 /* hexdreams.swift in Sources */,
				B9912F311DFC8F45008215A6 /* CommandLineInterface.swift in Sources */,
				B9912F351DFC8F45008215A6 /* StringExtensions.swift in Sources */,
			);
			runOnlyForDeploymentPostprocessing = 0;
		};
/* End PBXSourcesBuildPhase section */

/* Begin XCBuildConfiguration section */
		B95D02541DA9AB0A0094E44D /* Debug */ = {
			isa = XCBuildConfiguration;
			buildSettings = {
				ALWAYS_SEARCH_USER_PATHS = NO;
				CLANG_ANALYZER_NONNULL = YES;
				CLANG_CXX_LANGUAGE_STANDARD = "gnu++0x";
				CLANG_CXX_LIBRARY = "libc++";
				CLANG_ENABLE_MODULES = YES;
				CLANG_ENABLE_OBJC_ARC = YES;
				CLANG_WARN_BOOL_CONVERSION = YES;
				CLANG_WARN_CONSTANT_CONVERSION = YES;
				CLANG_WARN_DIRECT_OBJC_ISA_USAGE = YES_ERROR;
				CLANG_WARN_DOCUMENTATION_COMMENTS = YES;
				CLANG_WARN_EMPTY_BODY = YES;
				CLANG_WARN_ENUM_CONVERSION = YES;
				CLANG_WARN_INFINITE_RECURSION = YES;
				CLANG_WARN_INT_CONVERSION = YES;
				CLANG_WARN_OBJC_ROOT_CLASS = YES_ERROR;
				CLANG_WARN_SUSPICIOUS_MOVE = YES;
				CLANG_WARN_SUSPICIOUS_MOVES = YES;
				CLANG_WARN_UNREACHABLE_CODE = YES;
				CLANG_WARN__DUPLICATE_METHOD_MATCH = YES;
				CODE_SIGN_IDENTITY = "-";
				COPY_PHASE_STRIP = NO;
				DEBUG_INFORMATION_FORMAT = dwarf;
				ENABLE_STRICT_OBJC_MSGSEND = YES;
				ENABLE_TESTABILITY = YES;
				GCC_C_LANGUAGE_STANDARD = gnu99;
				GCC_DYNAMIC_NO_PIC = NO;
				GCC_NO_COMMON_BLOCKS = YES;
				GCC_OPTIMIZATION_LEVEL = 0;
				GCC_PREPROCESSOR_DEFINITIONS = (
					"DEBUG=1",
					"$(inherited)",
				);
				GCC_WARN_64_TO_32_BIT_CONVERSION = YES;
				GCC_WARN_ABOUT_RETURN_TYPE = YES_ERROR;
				GCC_WARN_UNDECLARED_SELECTOR = YES;
				GCC_WARN_UNINITIALIZED_AUTOS = YES_AGGRESSIVE;
				GCC_WARN_UNUSED_FUNCTION = YES;
				GCC_WARN_UNUSED_VARIABLE = YES;
				MACOSX_DEPLOYMENT_TARGET = 10.12;
				MTL_ENABLE_DEBUG_INFO = YES;
				ONLY_ACTIVE_ARCH = YES;
				SDKROOT = macosx;
				SWIFT_OPTIMIZATION_LEVEL = "-Onone";
			};
			name = Debug;
		};
		B95D02551DA9AB0A0094E44D /* Release */ = {
			isa = XCBuildConfiguration;
			buildSettings = {
				ALWAYS_SEARCH_USER_PATHS = NO;
				CLANG_ANALYZER_NONNULL = YES;
				CLANG_CXX_LANGUAGE_STANDARD = "gnu++0x";
				CLANG_CXX_LIBRARY = "libc++";
				CLANG_ENABLE_MODULES = YES;
				CLANG_ENABLE_OBJC_ARC = YES;
				CLANG_WARN_BOOL_CONVERSION = YES;
				CLANG_WARN_CONSTANT_CONVERSION = YES;
				CLANG_WARN_DIRECT_OBJC_ISA_USAGE = YES_ERROR;
				CLANG_WARN_DOCUMENTATION_COMMENTS = YES;
				CLANG_WARN_EMPTY_BODY = YES;
				CLANG_WARN_ENUM_CONVERSION = YES;
				CLANG_WARN_INFINITE_RECURSION = YES;
				CLANG_WARN_INT_CONVERSION = YES;
				CLANG_WARN_OBJC_ROOT_CLASS = YES_ERROR;
				CLANG_WARN_SUSPICIOUS_MOVE = YES;
				CLANG_WARN_SUSPICIOUS_MOVES = YES;
				CLANG_WARN_UNREACHABLE_CODE = YES;
				CLANG_WARN__DUPLICATE_METHOD_MATCH = YES;
				CODE_SIGN_IDENTITY = "-";
				COPY_PHASE_STRIP = NO;
				DEBUG_INFORMATION_FORMAT = "dwarf-with-dsym";
				ENABLE_NS_ASSERTIONS = NO;
				ENABLE_STRICT_OBJC_MSGSEND = YES;
				GCC_C_LANGUAGE_STANDARD = gnu99;
				GCC_NO_COMMON_BLOCKS = YES;
				GCC_WARN_64_TO_32_BIT_CONVERSION = YES;
				GCC_WARN_ABOUT_RETURN_TYPE = YES_ERROR;
				GCC_WARN_UNDECLARED_SELECTOR = YES;
				GCC_WARN_UNINITIALIZED_AUTOS = YES_AGGRESSIVE;
				GCC_WARN_UNUSED_FUNCTION = YES;
				GCC_WARN_UNUSED_VARIABLE = YES;
				MACOSX_DEPLOYMENT_TARGET = 10.12;
				MTL_ENABLE_DEBUG_INFO = NO;
				SDKROOT = macosx;
				SWIFT_OPTIMIZATION_LEVEL = "-Owholemodule";
			};
			name = Release;
		};
		B95D02571DA9AB0A0094E44D /* Debug */ = {
			isa = XCBuildConfiguration;
			buildSettings = {
				DEVELOPMENT_TEAM = S4K89S6LAE;
				PRODUCT_NAME = "$(TARGET_NAME)";
				SWIFT_VERSION = 3.0;
			};
			name = Debug;
		};
		B95D02581DA9AB0A0094E44D /* Release */ = {
			isa = XCBuildConfiguration;
			buildSettings = {
				DEVELOPMENT_TEAM = S4K89S6LAE;
				PRODUCT_NAME = "$(TARGET_NAME)";
				SWIFT_VERSION = 3.0;
			};
			name = Release;
		};
/* End XCBuildConfiguration section */

/* Begin XCConfigurationList section */
		B95D024A1DA9AB0A0094E44D /* Build configuration list for PBXProject "jsonkvc" */ = {
			isa = XCConfigurationList;
			buildConfigurations = (
				B95D02541DA9AB0A0094E44D /* Debug */,
				B95D02551DA9AB0A0094E44D /* Release */,
			);
			defaultConfigurationIsVisible = 0;
			defaultConfigurationName = Release;
		};
		B95D02561DA9AB0A0094E44D /* Build configuration list for PBXNativeTarget "jsonkvc" */ = {
			isa = XCConfigurationList;
			buildConfigurations = (
				B95D02571DA9AB0A0094E44D /* Debug */,
				B95D02581DA9AB0A0094E44D /* Release */,
			);
			defaultConfigurationIsVisible = 0;
			defaultConfigurationName = Release;
		};
/* End XCConfigurationList section */
	};
	rootObject = B95D02471DA9AB0A0094E44D /* Project object */;
}
