// !$*UTF8*$!
{
	archiveVersion = 1;
	classes = {
	};
	objectVersion = 46;
	objects = {

/* Begin PBXBuildFile section */
		B965DB801DF34A36002AE9D8 /* InputParser.swift in Sources */ = {isa = PBXBuildFile; fileRef = B965DB7F1DF34A36002AE9D8 /* InputParser.swift */; };
		B965DBA01DF362D3002AE9D8 /* DateExtensions.swift in Sources */ = {isa = PBXBuildFile; fileRef = B965DB8D1DF362D3002AE9D8 /* DateExtensions.swift */; };
		B965DBA91DF3652E002AE9D8 /* hexdreams.swift in Sources */ = {isa = PBXBuildFile; fileRef = B965DBA81DF3652E002AE9D8 /* hexdreams.swift */; };
		B96F23691DF1F2A60080335B /* main.swift in Sources */ = {isa = PBXBuildFile; fileRef = B96F23681DF1F2A60080335B /* main.swift */; };
		B9BDBF521DF6474B000F5C45 /* pdateBaseListener.swift in Sources */ = {isa = PBXBuildFile; fileRef = B9BDBF491DF6474B000F5C45 /* pdateBaseListener.swift */; };
		B9BDBF531DF6474B000F5C45 /* pdateBaseVisitor.swift in Sources */ = {isa = PBXBuildFile; fileRef = B9BDBF4A1DF6474B000F5C45 /* pdateBaseVisitor.swift */; };
		B9BDBF541DF6474B000F5C45 /* pdateLexer.swift in Sources */ = {isa = PBXBuildFile; fileRef = B9BDBF4B1DF6474B000F5C45 /* pdateLexer.swift */; };
		B9BDBF551DF6474B000F5C45 /* pdateLexerATN.swift in Sources */ = {isa = PBXBuildFile; fileRef = B9BDBF4D1DF6474B000F5C45 /* pdateLexerATN.swift */; };
		B9BDBF561DF6474B000F5C45 /* pdateListener.swift in Sources */ = {isa = PBXBuildFile; fileRef = B9BDBF4E1DF6474B000F5C45 /* pdateListener.swift */; };
		B9BDBF571DF6474B000F5C45 /* pdateParser.swift in Sources */ = {isa = PBXBuildFile; fileRef = B9BDBF4F1DF6474B000F5C45 /* pdateParser.swift */; };
		B9BDBF581DF6474B000F5C45 /* pdateParserATN.swift in Sources */ = {isa = PBXBuildFile; fileRef = B9BDBF501DF6474B000F5C45 /* pdateParserATN.swift */; };
		B9BDBF591DF6474B000F5C45 /* pdateVisitor.swift in Sources */ = {isa = PBXBuildFile; fileRef = B9BDBF511DF6474B000F5C45 /* pdateVisitor.swift */; };
		B9BDC0001DF64911000F5C45 /* ANTLRErrorListener.swift in Sources */ = {isa = PBXBuildFile; fileRef = B9BDBF5B1DF64911000F5C45 /* ANTLRErrorListener.swift */; };
		B9BDC0011DF64911000F5C45 /* ANTLRErrorStrategy.swift in Sources */ = {isa = PBXBuildFile; fileRef = B9BDBF5C1DF64911000F5C45 /* ANTLRErrorStrategy.swift */; };
		B9BDC0021DF64911000F5C45 /* ANTLRFileStream.swift in Sources */ = {isa = PBXBuildFile; fileRef = B9BDBF5D1DF64911000F5C45 /* ANTLRFileStream.swift */; };
		B9BDC0031DF64911000F5C45 /* ANTLRInputStream.swift in Sources */ = {isa = PBXBuildFile; fileRef = B9BDBF5E1DF64911000F5C45 /* ANTLRInputStream.swift */; };
		B9BDC0041DF64911000F5C45 /* AbstractPredicateTransition.swift in Sources */ = {isa = PBXBuildFile; fileRef = B9BDBF601DF64911000F5C45 /* AbstractPredicateTransition.swift */; };
		B9BDC0051DF64911000F5C45 /* ActionTransition.swift in Sources */ = {isa = PBXBuildFile; fileRef = B9BDBF611DF64911000F5C45 /* ActionTransition.swift */; };
		B9BDC0061DF64911000F5C45 /* AmbiguityInfo.swift in Sources */ = {isa = PBXBuildFile; fileRef = B9BDBF621DF64911000F5C45 /* AmbiguityInfo.swift */; };
		B9BDC0071DF64911000F5C45 /* ArrayPredictionContext.swift in Sources */ = {isa = PBXBuildFile; fileRef = B9BDBF631DF64911000F5C45 /* ArrayPredictionContext.swift */; };
		B9BDC0081DF64911000F5C45 /* ATN.swift in Sources */ = {isa = PBXBuildFile; fileRef = B9BDBF641DF64911000F5C45 /* ATN.swift */; };
		B9BDC0091DF64911000F5C45 /* ATNConfig.swift in Sources */ = {isa = PBXBuildFile; fileRef = B9BDBF651DF64911000F5C45 /* ATNConfig.swift */; };
		B9BDC00A1DF64911000F5C45 /* ATNConfigSet.swift in Sources */ = {isa = PBXBuildFile; fileRef = B9BDBF661DF64911000F5C45 /* ATNConfigSet.swift */; };
		B9BDC00B1DF64911000F5C45 /* ATNDeserializationOptions.swift in Sources */ = {isa = PBXBuildFile; fileRef = B9BDBF671DF64911000F5C45 /* ATNDeserializationOptions.swift */; };
		B9BDC00C1DF64911000F5C45 /* ATNDeserializer.swift in Sources */ = {isa = PBXBuildFile; fileRef = B9BDBF681DF64911000F5C45 /* ATNDeserializer.swift */; };
		B9BDC00D1DF64911000F5C45 /* ATNSimulator.swift in Sources */ = {isa = PBXBuildFile; fileRef = B9BDBF691DF64911000F5C45 /* ATNSimulator.swift */; };
		B9BDC00E1DF64911000F5C45 /* ATNState.swift in Sources */ = {isa = PBXBuildFile; fileRef = B9BDBF6A1DF64911000F5C45 /* ATNState.swift */; };
		B9BDC00F1DF64911000F5C45 /* ATNType.swift in Sources */ = {isa = PBXBuildFile; fileRef = B9BDBF6B1DF64911000F5C45 /* ATNType.swift */; };
		B9BDC0101DF64911000F5C45 /* AtomTransition.swift in Sources */ = {isa = PBXBuildFile; fileRef = B9BDBF6C1DF64911000F5C45 /* AtomTransition.swift */; };
		B9BDC0111DF64911000F5C45 /* BasicBlockStartState.swift in Sources */ = {isa = PBXBuildFile; fileRef = B9BDBF6D1DF64911000F5C45 /* BasicBlockStartState.swift */; };
		B9BDC0121DF64911000F5C45 /* BasicState.swift in Sources */ = {isa = PBXBuildFile; fileRef = B9BDBF6E1DF64911000F5C45 /* BasicState.swift */; };
		B9BDC0131DF64911000F5C45 /* BlockEndState.swift in Sources */ = {isa = PBXBuildFile; fileRef = B9BDBF6F1DF64911000F5C45 /* BlockEndState.swift */; };
		B9BDC0141DF64911000F5C45 /* BlockStartState.swift in Sources */ = {isa = PBXBuildFile; fileRef = B9BDBF701DF64911000F5C45 /* BlockStartState.swift */; };
		B9BDC0151DF64911000F5C45 /* ContextSensitivityInfo.swift in Sources */ = {isa = PBXBuildFile; fileRef = B9BDBF711DF64911000F5C45 /* ContextSensitivityInfo.swift */; };
		B9BDC0161DF64911000F5C45 /* DecisionEventInfo.swift in Sources */ = {isa = PBXBuildFile; fileRef = B9BDBF721DF64911000F5C45 /* DecisionEventInfo.swift */; };
		B9BDC0171DF64911000F5C45 /* DecisionInfo.swift in Sources */ = {isa = PBXBuildFile; fileRef = B9BDBF731DF64911000F5C45 /* DecisionInfo.swift */; };
		B9BDC0181DF64911000F5C45 /* DecisionState.swift in Sources */ = {isa = PBXBuildFile; fileRef = B9BDBF741DF64911000F5C45 /* DecisionState.swift */; };
		B9BDC0191DF64911000F5C45 /* DefaultATNConfig.swift in Sources */ = {isa = PBXBuildFile; fileRef = B9BDBF751DF64911000F5C45 /* DefaultATNConfig.swift */; };
		B9BDC01A1DF64911000F5C45 /* EmptyPredictionContext.swift in Sources */ = {isa = PBXBuildFile; fileRef = B9BDBF761DF64911000F5C45 /* EmptyPredictionContext.swift */; };
		B9BDC01B1DF64911000F5C45 /* EpsilonTransition.swift in Sources */ = {isa = PBXBuildFile; fileRef = B9BDBF771DF64911000F5C45 /* EpsilonTransition.swift */; };
		B9BDC01C1DF64911000F5C45 /* ErrorInfo.swift in Sources */ = {isa = PBXBuildFile; fileRef = B9BDBF781DF64911000F5C45 /* ErrorInfo.swift */; };
		B9BDC01D1DF64911000F5C45 /* LexerAction.swift in Sources */ = {isa = PBXBuildFile; fileRef = B9BDBF791DF64911000F5C45 /* LexerAction.swift */; };
		B9BDC01E1DF64911000F5C45 /* LexerActionExecutor.swift in Sources */ = {isa = PBXBuildFile; fileRef = B9BDBF7A1DF64911000F5C45 /* LexerActionExecutor.swift */; };
		B9BDC01F1DF64911000F5C45 /* LexerActionType.swift in Sources */ = {isa = PBXBuildFile; fileRef = B9BDBF7B1DF64911000F5C45 /* LexerActionType.swift */; };
		B9BDC0201DF64911000F5C45 /* LexerATNConfig.swift in Sources */ = {isa = PBXBuildFile; fileRef = B9BDBF7C1DF64911000F5C45 /* LexerATNConfig.swift */; };
		B9BDC0211DF64911000F5C45 /* LexerATNSimulator.swift in Sources */ = {isa = PBXBuildFile; fileRef = B9BDBF7D1DF64911000F5C45 /* LexerATNSimulator.swift */; };
		B9BDC0221DF64911000F5C45 /* LexerChannelAction.swift in Sources */ = {isa = PBXBuildFile; fileRef = B9BDBF7E1DF64911000F5C45 /* LexerChannelAction.swift */; };
		B9BDC0231DF64911000F5C45 /* LexerCustomAction.swift in Sources */ = {isa = PBXBuildFile; fileRef = B9BDBF7F1DF64911000F5C45 /* LexerCustomAction.swift */; };
		B9BDC0241DF64911000F5C45 /* LexerIndexedCustomAction.swift in Sources */ = {isa = PBXBuildFile; fileRef = B9BDBF801DF64911000F5C45 /* LexerIndexedCustomAction.swift */; };
		B9BDC0251DF64911000F5C45 /* LexerModeAction.swift in Sources */ = {isa = PBXBuildFile; fileRef = B9BDBF811DF64911000F5C45 /* LexerModeAction.swift */; };
		B9BDC0261DF64911000F5C45 /* LexerMoreAction.swift in Sources */ = {isa = PBXBuildFile; fileRef = B9BDBF821DF64911000F5C45 /* LexerMoreAction.swift */; };
		B9BDC0271DF64911000F5C45 /* LexerPopModeAction.swift in Sources */ = {isa = PBXBuildFile; fileRef = B9BDBF831DF64911000F5C45 /* LexerPopModeAction.swift */; };
		B9BDC0281DF64911000F5C45 /* LexerPushModeAction.swift in Sources */ = {isa = PBXBuildFile; fileRef = B9BDBF841DF64911000F5C45 /* LexerPushModeAction.swift */; };
		B9BDC0291DF64911000F5C45 /* LexerSkipAction.swift in Sources */ = {isa = PBXBuildFile; fileRef = B9BDBF851DF64911000F5C45 /* LexerSkipAction.swift */; };
		B9BDC02A1DF64911000F5C45 /* LexerTypeAction.swift in Sources */ = {isa = PBXBuildFile; fileRef = B9BDBF861DF64911000F5C45 /* LexerTypeAction.swift */; };
		B9BDC02B1DF64911000F5C45 /* LL1Analyzer.swift in Sources */ = {isa = PBXBuildFile; fileRef = B9BDBF871DF64911000F5C45 /* LL1Analyzer.swift */; };
		B9BDC02C1DF64911000F5C45 /* LookaheadEventInfo.swift in Sources */ = {isa = PBXBuildFile; fileRef = B9BDBF881DF64911000F5C45 /* LookaheadEventInfo.swift */; };
		B9BDC02D1DF64911000F5C45 /* LookupATNConfig.swift in Sources */ = {isa = PBXBuildFile; fileRef = B9BDBF891DF64911000F5C45 /* LookupATNConfig.swift */; };
		B9BDC02E1DF64911000F5C45 /* LookupDictionary.swift in Sources */ = {isa = PBXBuildFile; fileRef = B9BDBF8A1DF64911000F5C45 /* LookupDictionary.swift */; };
		B9BDC02F1DF64911000F5C45 /* LoopEndState.swift in Sources */ = {isa = PBXBuildFile; fileRef = B9BDBF8B1DF64911000F5C45 /* LoopEndState.swift */; };
		B9BDC0301DF64911000F5C45 /* NotSetTransition.swift in Sources */ = {isa = PBXBuildFile; fileRef = B9BDBF8C1DF64911000F5C45 /* NotSetTransition.swift */; };
		B9BDC0311DF64911000F5C45 /* OrderedATNConfig.swift in Sources */ = {isa = PBXBuildFile; fileRef = B9BDBF8D1DF64911000F5C45 /* OrderedATNConfig.swift */; };
		B9BDC0321DF64911000F5C45 /* OrderedATNConfigSet.swift in Sources */ = {isa = PBXBuildFile; fileRef = B9BDBF8E1DF64911000F5C45 /* OrderedATNConfigSet.swift */; };
		B9BDC0331DF64911000F5C45 /* ParseInfo.swift in Sources */ = {isa = PBXBuildFile; fileRef = B9BDBF8F1DF64911000F5C45 /* ParseInfo.swift */; };
		B9BDC0341DF64911000F5C45 /* ParserATNSimulator.swift in Sources */ = {isa = PBXBuildFile; fileRef = B9BDBF901DF64911000F5C45 /* ParserATNSimulator.swift */; };
		B9BDC0351DF64911000F5C45 /* PlusBlockStartState.swift in Sources */ = {isa = PBXBuildFile; fileRef = B9BDBF911DF64911000F5C45 /* PlusBlockStartState.swift */; };
		B9BDC0361DF64911000F5C45 /* PlusLoopbackState.swift in Sources */ = {isa = PBXBuildFile; fileRef = B9BDBF921DF64911000F5C45 /* PlusLoopbackState.swift */; };
		B9BDC0371DF64911000F5C45 /* PrecedencePredicateTransition.swift in Sources */ = {isa = PBXBuildFile; fileRef = B9BDBF931DF64911000F5C45 /* PrecedencePredicateTransition.swift */; };
		B9BDC0381DF64911000F5C45 /* PredicateEvalInfo.swift in Sources */ = {isa = PBXBuildFile; fileRef = B9BDBF941DF64911000F5C45 /* PredicateEvalInfo.swift */; };
		B9BDC0391DF64911000F5C45 /* PredicateTransition.swift in Sources */ = {isa = PBXBuildFile; fileRef = B9BDBF951DF64911000F5C45 /* PredicateTransition.swift */; };
		B9BDC03A1DF64911000F5C45 /* PredictionContext.swift in Sources */ = {isa = PBXBuildFile; fileRef = B9BDBF961DF64911000F5C45 /* PredictionContext.swift */; };
		B9BDC03B1DF64911000F5C45 /* PredictionContextCache.swift in Sources */ = {isa = PBXBuildFile; fileRef = B9BDBF971DF64911000F5C45 /* PredictionContextCache.swift */; };
		B9BDC03C1DF64911000F5C45 /* PredictionMode.swift in Sources */ = {isa = PBXBuildFile; fileRef = B9BDBF981DF64911000F5C45 /* PredictionMode.swift */; };
		B9BDC03D1DF64911000F5C45 /* ProfilingATNSimulator.swift in Sources */ = {isa = PBXBuildFile; fileRef = B9BDBF991DF64911000F5C45 /* ProfilingATNSimulator.swift */; };
		B9BDC03E1DF64911000F5C45 /* RangeTransition.swift in Sources */ = {isa = PBXBuildFile; fileRef = B9BDBF9A1DF64911000F5C45 /* RangeTransition.swift */; };
		B9BDC03F1DF64911000F5C45 /* RuleStartState.swift in Sources */ = {isa = PBXBuildFile; fileRef = B9BDBF9B1DF64911000F5C45 /* RuleStartState.swift */; };
		B9BDC0401DF64911000F5C45 /* RuleStopState.swift in Sources */ = {isa = PBXBuildFile; fileRef = B9BDBF9C1DF64911000F5C45 /* RuleStopState.swift */; };
		B9BDC0411DF64911000F5C45 /* RuleTransition.swift in Sources */ = {isa = PBXBuildFile; fileRef = B9BDBF9D1DF64911000F5C45 /* RuleTransition.swift */; };
		B9BDC0421DF64911000F5C45 /* SemanticContext.swift in Sources */ = {isa = PBXBuildFile; fileRef = B9BDBF9E1DF64911000F5C45 /* SemanticContext.swift */; };
		B9BDC0431DF64911000F5C45 /* SetTransition.swift in Sources */ = {isa = PBXBuildFile; fileRef = B9BDBF9F1DF64911000F5C45 /* SetTransition.swift */; };
		B9BDC0441DF64911000F5C45 /* SingletonPredictionContext.swift in Sources */ = {isa = PBXBuildFile; fileRef = B9BDBFA01DF64911000F5C45 /* SingletonPredictionContext.swift */; };
		B9BDC0451DF64911000F5C45 /* StarBlockStartState.swift in Sources */ = {isa = PBXBuildFile; fileRef = B9BDBFA11DF64911000F5C45 /* StarBlockStartState.swift */; };
		B9BDC0461DF64911000F5C45 /* StarLoopbackState.swift in Sources */ = {isa = PBXBuildFile; fileRef = B9BDBFA21DF64911000F5C45 /* StarLoopbackState.swift */; };
		B9BDC0471DF64911000F5C45 /* StarLoopEntryState.swift in Sources */ = {isa = PBXBuildFile; fileRef = B9BDBFA31DF64911000F5C45 /* StarLoopEntryState.swift */; };
		B9BDC0481DF64911000F5C45 /* TokensStartState.swift in Sources */ = {isa = PBXBuildFile; fileRef = B9BDBFA41DF64911000F5C45 /* TokensStartState.swift */; };
		B9BDC0491DF64911000F5C45 /* Transition.swift in Sources */ = {isa = PBXBuildFile; fileRef = B9BDBFA51DF64911000F5C45 /* Transition.swift */; };
		B9BDC04A1DF64911000F5C45 /* WildcardTransition.swift in Sources */ = {isa = PBXBuildFile; fileRef = B9BDBFA61DF64911000F5C45 /* WildcardTransition.swift */; };
		B9BDC04B1DF64911000F5C45 /* BailErrorStrategy.swift in Sources */ = {isa = PBXBuildFile; fileRef = B9BDBFA71DF64911000F5C45 /* BailErrorStrategy.swift */; };
		B9BDC04C1DF64911000F5C45 /* BaseErrorListener.swift in Sources */ = {isa = PBXBuildFile; fileRef = B9BDBFA81DF64911000F5C45 /* BaseErrorListener.swift */; };
		B9BDC04D1DF64911000F5C45 /* BufferedTokenStream.swift in Sources */ = {isa = PBXBuildFile; fileRef = B9BDBFA91DF64911000F5C45 /* BufferedTokenStream.swift */; };
		B9BDC04E1DF64911000F5C45 /* CharStream.swift in Sources */ = {isa = PBXBuildFile; fileRef = B9BDBFAA1DF64911000F5C45 /* CharStream.swift */; };
		B9BDC04F1DF64911000F5C45 /* CommonToken.swift in Sources */ = {isa = PBXBuildFile; fileRef = B9BDBFAB1DF64911000F5C45 /* CommonToken.swift */; };
		B9BDC0501DF64911000F5C45 /* CommonTokenFactory.swift in Sources */ = {isa = PBXBuildFile; fileRef = B9BDBFAC1DF64911000F5C45 /* CommonTokenFactory.swift */; };
		B9BDC0511DF64911000F5C45 /* CommonTokenStream.swift in Sources */ = {isa = PBXBuildFile; fileRef = B9BDBFAD1DF64911000F5C45 /* CommonTokenStream.swift */; };
		B9BDC0521DF64911000F5C45 /* ConsoleErrorListener.swift in Sources */ = {isa = PBXBuildFile; fileRef = B9BDBFAE1DF64911000F5C45 /* ConsoleErrorListener.swift */; };
		B9BDC0531DF64911000F5C45 /* DefaultErrorStrategy.swift in Sources */ = {isa = PBXBuildFile; fileRef = B9BDBFAF1DF64911000F5C45 /* DefaultErrorStrategy.swift */; };
		B9BDC0541DF64911000F5C45 /* DFA.swift in Sources */ = {isa = PBXBuildFile; fileRef = B9BDBFB11DF64911000F5C45 /* DFA.swift */; };
		B9BDC0551DF64911000F5C45 /* DFASerializer.swift in Sources */ = {isa = PBXBuildFile; fileRef = B9BDBFB21DF64911000F5C45 /* DFASerializer.swift */; };
		B9BDC0561DF64911000F5C45 /* DFAState.swift in Sources */ = {isa = PBXBuildFile; fileRef = B9BDBFB31DF64911000F5C45 /* DFAState.swift */; };
		B9BDC0571DF64911000F5C45 /* LexerDFASerializer.swift in Sources */ = {isa = PBXBuildFile; fileRef = B9BDBFB41DF64911000F5C45 /* LexerDFASerializer.swift */; };
		B9BDC0581DF64911000F5C45 /* DiagnosticErrorListener.swift in Sources */ = {isa = PBXBuildFile; fileRef = B9BDBFB51DF64911000F5C45 /* DiagnosticErrorListener.swift */; };
		B9BDC0591DF64911000F5C45 /* FailedPredicateException.swift in Sources */ = {isa = PBXBuildFile; fileRef = B9BDBFB61DF64911000F5C45 /* FailedPredicateException.swift */; };
		B9BDC05A1DF64911000F5C45 /* InputMismatchException.swift in Sources */ = {isa = PBXBuildFile; fileRef = B9BDBFB71DF64911000F5C45 /* InputMismatchException.swift */; };
		B9BDC05B1DF64911000F5C45 /* InterpreterRuleContext.swift in Sources */ = {isa = PBXBuildFile; fileRef = B9BDBFB81DF64911000F5C45 /* InterpreterRuleContext.swift */; };
		B9BDC05C1DF64911000F5C45 /* IntStream.swift in Sources */ = {isa = PBXBuildFile; fileRef = B9BDBFB91DF64911000F5C45 /* IntStream.swift */; };
		B9BDC05D1DF64911000F5C45 /* Lexer.swift in Sources */ = {isa = PBXBuildFile; fileRef = B9BDBFBA1DF64911000F5C45 /* Lexer.swift */; };
		B9BDC05E1DF64911000F5C45 /* LexerInterpreter.swift in Sources */ = {isa = PBXBuildFile; fileRef = B9BDBFBB1DF64911000F5C45 /* LexerInterpreter.swift */; };
		B9BDC05F1DF64911000F5C45 /* LexerNoViableAltException.swift in Sources */ = {isa = PBXBuildFile; fileRef = B9BDBFBC1DF64911000F5C45 /* LexerNoViableAltException.swift */; };
		B9BDC0601DF64911000F5C45 /* ListTokenSource.swift in Sources */ = {isa = PBXBuildFile; fileRef = B9BDBFBD1DF64911000F5C45 /* ListTokenSource.swift */; };
		B9BDC0611DF64911000F5C45 /* ArrayList.swift in Sources */ = {isa = PBXBuildFile; fileRef = B9BDBFBF1DF64911000F5C45 /* ArrayList.swift */; };
		B9BDC0621DF64911000F5C45 /* ArrayWrapper.swift in Sources */ = {isa = PBXBuildFile; fileRef = B9BDBFC01DF64911000F5C45 /* ArrayWrapper.swift */; };
		B9BDC0631DF64911000F5C45 /* BitSet.swift in Sources */ = {isa = PBXBuildFile; fileRef = B9BDBFC11DF64911000F5C45 /* BitSet.swift */; };
		B9BDC0641DF64911000F5C45 /* DoubleKeyMap.swift in Sources */ = {isa = PBXBuildFile; fileRef = B9BDBFC21DF64911000F5C45 /* DoubleKeyMap.swift */; };
		B9BDC0651DF64911000F5C45 /* ANTLRError.swift in Sources */ = {isa = PBXBuildFile; fileRef = B9BDBFC41DF64911000F5C45 /* ANTLRError.swift */; };
		B9BDC0661DF64911000F5C45 /* ANTLRException.swift in Sources */ = {isa = PBXBuildFile; fileRef = B9BDBFC51DF64911000F5C45 /* ANTLRException.swift */; };
		B9BDC0671DF64911000F5C45 /* ArrayExtension.swift in Sources */ = {isa = PBXBuildFile; fileRef = B9BDBFC71DF64911000F5C45 /* ArrayExtension.swift */; };
		B9BDC0681DF64911000F5C45 /* CharacterExtension.swift in Sources */ = {isa = PBXBuildFile; fileRef = B9BDBFC81DF64911000F5C45 /* CharacterExtension.swift */; };
		B9BDC0691DF64911000F5C45 /* IntStreamExtension.swift in Sources */ = {isa = PBXBuildFile; fileRef = B9BDBFC91DF64911000F5C45 /* IntStreamExtension.swift */; };
		B9BDC06A1DF64911000F5C45 /* NSUUIDExtension.swift in Sources */ = {isa = PBXBuildFile; fileRef = B9BDBFCA1DF64911000F5C45 /* NSUUIDExtension.swift */; };
		B9BDC06B1DF64911000F5C45 /* StirngExtension.swift in Sources */ = {isa = PBXBuildFile; fileRef = B9BDBFCB1DF64911000F5C45 /* StirngExtension.swift */; };
		B9BDC06C1DF64911000F5C45 /* TokenExtension.swift in Sources */ = {isa = PBXBuildFile; fileRef = B9BDBFCC1DF64911000F5C45 /* TokenExtension.swift */; };
		B9BDC06D1DF64911000F5C45 /* HashMap.swift in Sources */ = {isa = PBXBuildFile; fileRef = B9BDBFCD1DF64911000F5C45 /* HashMap.swift */; };
		B9BDC06E1DF64911000F5C45 /* Interval.swift in Sources */ = {isa = PBXBuildFile; fileRef = B9BDBFCE1DF64911000F5C45 /* Interval.swift */; };
		B9BDC06F1DF64911000F5C45 /* IntervalSet.swift in Sources */ = {isa = PBXBuildFile; fileRef = B9BDBFCF1DF64911000F5C45 /* IntervalSet.swift */; };
		B9BDC0701DF64911000F5C45 /* IntSet.swift in Sources */ = {isa = PBXBuildFile; fileRef = B9BDBFD01DF64911000F5C45 /* IntSet.swift */; };
		B9BDC0711DF64911000F5C45 /* MultiMap.swift in Sources */ = {isa = PBXBuildFile; fileRef = B9BDBFD11DF64911000F5C45 /* MultiMap.swift */; };
		B9BDC0721DF64911000F5C45 /* MurmurHash.swift in Sources */ = {isa = PBXBuildFile; fileRef = B9BDBFD21DF64911000F5C45 /* MurmurHash.swift */; };
		B9BDC0731DF64911000F5C45 /* Triple.swift in Sources */ = {isa = PBXBuildFile; fileRef = B9BDBFD31DF64911000F5C45 /* Triple.swift */; };
		B9BDC0741DF64911000F5C45 /* CommonUtil.swift in Sources */ = {isa = PBXBuildFile; fileRef = B9BDBFD51DF64911000F5C45 /* CommonUtil.swift */; };
		B9BDC0751DF64911000F5C45 /* Stack.swift in Sources */ = {isa = PBXBuildFile; fileRef = B9BDBFD61DF64911000F5C45 /* Stack.swift */; };
		B9BDC0761DF64911000F5C45 /* StringBuilder.swift in Sources */ = {isa = PBXBuildFile; fileRef = B9BDBFD71DF64911000F5C45 /* StringBuilder.swift */; };
		B9BDC0771DF64911000F5C45 /* Utils.swift in Sources */ = {isa = PBXBuildFile; fileRef = B9BDBFD81DF64911000F5C45 /* Utils.swift */; };
		B9BDC0781DF64911000F5C45 /* NoViableAltException.swift in Sources */ = {isa = PBXBuildFile; fileRef = B9BDBFD91DF64911000F5C45 /* NoViableAltException.swift */; };
		B9BDC0791DF64911000F5C45 /* Parser.swift in Sources */ = {isa = PBXBuildFile; fileRef = B9BDBFDA1DF64911000F5C45 /* Parser.swift */; };
		B9BDC07A1DF64911000F5C45 /* ParserInterpreter.swift in Sources */ = {isa = PBXBuildFile; fileRef = B9BDBFDB1DF64911000F5C45 /* ParserInterpreter.swift */; };
		B9BDC07B1DF64911000F5C45 /* ParserRuleContext.swift in Sources */ = {isa = PBXBuildFile; fileRef = B9BDBFDC1DF64911000F5C45 /* ParserRuleContext.swift */; };
		B9BDC07C1DF64911000F5C45 /* ProxyErrorListener.swift in Sources */ = {isa = PBXBuildFile; fileRef = B9BDBFDD1DF64911000F5C45 /* ProxyErrorListener.swift */; };
		B9BDC07D1DF64911000F5C45 /* RecognitionException.swift in Sources */ = {isa = PBXBuildFile; fileRef = B9BDBFDE1DF64911000F5C45 /* RecognitionException.swift */; };
		B9BDC07E1DF64911000F5C45 /* Recognizer.swift in Sources */ = {isa = PBXBuildFile; fileRef = B9BDBFDF1DF64911000F5C45 /* Recognizer.swift */; };
		B9BDC07F1DF64911000F5C45 /* RuleContext.swift in Sources */ = {isa = PBXBuildFile; fileRef = B9BDBFE01DF64911000F5C45 /* RuleContext.swift */; };
		B9BDC0801DF64911000F5C45 /* RuntimeMetaData.swift in Sources */ = {isa = PBXBuildFile; fileRef = B9BDBFE11DF64911000F5C45 /* RuntimeMetaData.swift */; };
		B9BDC0811DF64911000F5C45 /* Token.swift in Sources */ = {isa = PBXBuildFile; fileRef = B9BDBFE21DF64911000F5C45 /* Token.swift */; };
		B9BDC0821DF64911000F5C45 /* TokenFactory.swift in Sources */ = {isa = PBXBuildFile; fileRef = B9BDBFE31DF64911000F5C45 /* TokenFactory.swift */; };
		B9BDC0831DF64911000F5C45 /* TokenSource.swift in Sources */ = {isa = PBXBuildFile; fileRef = B9BDBFE41DF64911000F5C45 /* TokenSource.swift */; };
		B9BDC0841DF64911000F5C45 /* TokenStream.swift in Sources */ = {isa = PBXBuildFile; fileRef = B9BDBFE51DF64911000F5C45 /* TokenStream.swift */; };
		B9BDC0851DF64911000F5C45 /* TokenStreamRewriter.swift in Sources */ = {isa = PBXBuildFile; fileRef = B9BDBFE61DF64911000F5C45 /* TokenStreamRewriter.swift */; };
		B9BDC0861DF64911000F5C45 /* AbstractParseTreeVisitor.swift in Sources */ = {isa = PBXBuildFile; fileRef = B9BDBFE81DF64911000F5C45 /* AbstractParseTreeVisitor.swift */; };
		B9BDC0871DF64911000F5C45 /* ErrorNode.swift in Sources */ = {isa = PBXBuildFile; fileRef = B9BDBFE91DF64911000F5C45 /* ErrorNode.swift */; };
		B9BDC0881DF64911000F5C45 /* ParseTree.swift in Sources */ = {isa = PBXBuildFile; fileRef = B9BDBFEA1DF64911000F5C45 /* ParseTree.swift */; };
		B9BDC0891DF64911000F5C45 /* ParseTreeListener.swift in Sources */ = {isa = PBXBuildFile; fileRef = B9BDBFEB1DF64911000F5C45 /* ParseTreeListener.swift */; };
		B9BDC08A1DF64911000F5C45 /* ParseTreeVisitor.swift in Sources */ = {isa = PBXBuildFile; fileRef = B9BDBFEC1DF64911000F5C45 /* ParseTreeVisitor.swift */; };
		B9BDC08B1DF64911000F5C45 /* ParseTreeWalker.swift in Sources */ = {isa = PBXBuildFile; fileRef = B9BDBFED1DF64911000F5C45 /* ParseTreeWalker.swift */; };
		B9BDC08C1DF64911000F5C45 /* Chunk.swift in Sources */ = {isa = PBXBuildFile; fileRef = B9BDBFEF1DF64911000F5C45 /* Chunk.swift */; };
		B9BDC08D1DF64911000F5C45 /* ParseTreeMatch.swift in Sources */ = {isa = PBXBuildFile; fileRef = B9BDBFF01DF64911000F5C45 /* ParseTreeMatch.swift */; };
		B9BDC08E1DF64911000F5C45 /* ParseTreePattern.swift in Sources */ = {isa = PBXBuildFile; fileRef = B9BDBFF11DF64911000F5C45 /* ParseTreePattern.swift */; };
		B9BDC08F1DF64911000F5C45 /* ParseTreePatternMatcher.swift in Sources */ = {isa = PBXBuildFile; fileRef = B9BDBFF21DF64911000F5C45 /* ParseTreePatternMatcher.swift */; };
		B9BDC0901DF64911000F5C45 /* RuleTagToken.swift in Sources */ = {isa = PBXBuildFile; fileRef = B9BDBFF31DF64911000F5C45 /* RuleTagToken.swift */; };
		B9BDC0911DF64911000F5C45 /* TagChunk.swift in Sources */ = {isa = PBXBuildFile; fileRef = B9BDBFF41DF64911000F5C45 /* TagChunk.swift */; };
		B9BDC0921DF64911000F5C45 /* TextChunk.swift in Sources */ = {isa = PBXBuildFile; fileRef = B9BDBFF51DF64911000F5C45 /* TextChunk.swift */; };
		B9BDC0931DF64911000F5C45 /* TokenTagToken.swift in Sources */ = {isa = PBXBuildFile; fileRef = B9BDBFF61DF64911000F5C45 /* TokenTagToken.swift */; };
		B9BDC0941DF64911000F5C45 /* RuleNode.swift in Sources */ = {isa = PBXBuildFile; fileRef = B9BDBFF71DF64911000F5C45 /* RuleNode.swift */; };
		B9BDC0951DF64911000F5C45 /* SyntaxTree.swift in Sources */ = {isa = PBXBuildFile; fileRef = B9BDBFF81DF64911000F5C45 /* SyntaxTree.swift */; };
		B9BDC0961DF64911000F5C45 /* TerminalNode.swift in Sources */ = {isa = PBXBuildFile; fileRef = B9BDBFF91DF64911000F5C45 /* TerminalNode.swift */; };
		B9BDC0971DF64911000F5C45 /* TerminalNodeImpl.swift in Sources */ = {isa = PBXBuildFile; fileRef = B9BDBFFA1DF64911000F5C45 /* TerminalNodeImpl.swift */; };
		B9BDC0981DF64911000F5C45 /* Tree.swift in Sources */ = {isa = PBXBuildFile; fileRef = B9BDBFFB1DF64911000F5C45 /* Tree.swift */; };
		B9BDC0991DF64911000F5C45 /* Trees.swift in Sources */ = {isa = PBXBuildFile; fileRef = B9BDBFFC1DF64911000F5C45 /* Trees.swift */; };
		B9BDC09A1DF64911000F5C45 /* UnbufferedTokenStream.swift in Sources */ = {isa = PBXBuildFile; fileRef = B9BDBFFD1DF64911000F5C45 /* UnbufferedTokenStream.swift */; };
		B9BDC09B1DF64911000F5C45 /* VocabularySingle.swift in Sources */ = {isa = PBXBuildFile; fileRef = B9BDBFFE1DF64911000F5C45 /* VocabularySingle.swift */; };
		B9BDC09C1DF64911000F5C45 /* WritableToken.swift in Sources */ = {isa = PBXBuildFile; fileRef = B9BDBFFF1DF64911000F5C45 /* WritableToken.swift */; };
		B9BDC0A01DF66802000F5C45 /* ParserRuleContextExtensions.swift in Sources */ = {isa = PBXBuildFile; fileRef = B9BDC09F1DF66802000F5C45 /* ParserRuleContextExtensions.swift */; };
		B9C601AE1E01C071000FB2BA /* CommandLineInterface.swift in Sources */ = {isa = PBXBuildFile; fileRef = B9C601AD1E01C071000FB2BA /* CommandLineInterface.swift */; };
		B9C601B21E01C0A2000FB2BA /* ArrayExtensions.swift in Sources */ = {isa = PBXBuildFile; fileRef = B9C601B01E01C0A2000FB2BA /* ArrayExtensions.swift */; };
		B9C601B31E01C0A2000FB2BA /* StringExtensions.swift in Sources */ = {isa = PBXBuildFile; fileRef = B9C601B11E01C0A2000FB2BA /* StringExtensions.swift */; };
/* End PBXBuildFile section */

/* Begin PBXCopyFilesBuildPhase section */
		B96F23631DF1F2A50080335B /* CopyFiles */ = {
			isa = PBXCopyFilesBuildPhase;
			buildActionMask = 2147483647;
			dstPath = /usr/share/man/man1/;
			dstSubfolderSpec = 0;
			files = (
			);
			runOnlyForDeploymentPostprocessing = 1;
		};
/* End PBXCopyFilesBuildPhase section */

/* Begin PBXFileReference section */
		B94987111DF48B9A001E0ABE /* pdate.g4 */ = {isa = PBXFileReference; lastKnownFileType = text; path = pdate.g4; sourceTree = "<group>"; };
		B965DB7F1DF34A36002AE9D8 /* InputParser.swift */ = {isa = PBXFileReference; fileEncoding = 4; lastKnownFileType = sourcecode.swift; path = InputParser.swift; sourceTree = "<group>"; };
		B965DB8D1DF362D3002AE9D8 /* DateExtensions.swift */ = {isa = PBXFileReference; fileEncoding = 4; lastKnownFileType = sourcecode.swift; path = DateExtensions.swift; sourceTree = "<group>"; };
		B965DBA81DF3652E002AE9D8 /* hexdreams.swift */ = {isa = PBXFileReference; fileEncoding = 4; lastKnownFileType = sourcecode.swift; path = hexdreams.swift; sourceTree = "<group>"; };
		B96F23651DF1F2A60080335B /* pdate */ = {isa = PBXFileReference; explicitFileType = "compiled.mach-o.executable"; includeInIndex = 0; path = pdate; sourceTree = BUILT_PRODUCTS_DIR; };
		B96F23681DF1F2A60080335B /* main.swift */ = {isa = PBXFileReference; lastKnownFileType = sourcecode.swift; path = main.swift; sourceTree = "<group>"; };
		B9BDBF481DF6474B000F5C45 /* pdate.tokens */ = {isa = PBXFileReference; fileEncoding = 4; lastKnownFileType = text; path = pdate.tokens; sourceTree = "<group>"; };
		B9BDBF491DF6474B000F5C45 /* pdateBaseListener.swift */ = {isa = PBXFileReference; fileEncoding = 4; lastKnownFileType = sourcecode.swift; path = pdateBaseListener.swift; sourceTree = "<group>"; };
		B9BDBF4A1DF6474B000F5C45 /* pdateBaseVisitor.swift */ = {isa = PBXFileReference; fileEncoding = 4; lastKnownFileType = sourcecode.swift; path = pdateBaseVisitor.swift; sourceTree = "<group>"; };
		B9BDBF4B1DF6474B000F5C45 /* pdateLexer.swift */ = {isa = PBXFileReference; fileEncoding = 4; lastKnownFileType = sourcecode.swift; path = pdateLexer.swift; sourceTree = "<group>"; };
		B9BDBF4C1DF6474B000F5C45 /* pdateLexer.tokens */ = {isa = PBXFileReference; fileEncoding = 4; lastKnownFileType = text; path = pdateLexer.tokens; sourceTree = "<group>"; };
		B9BDBF4D1DF6474B000F5C45 /* pdateLexerATN.swift */ = {isa = PBXFileReference; fileEncoding = 4; lastKnownFileType = sourcecode.swift; path = pdateLexerATN.swift; sourceTree = "<group>"; };
		B9BDBF4E1DF6474B000F5C45 /* pdateListener.swift */ = {isa = PBXFileReference; fileEncoding = 4; lastKnownFileType = sourcecode.swift; path = pdateListener.swift; sourceTree = "<group>"; };
		B9BDBF4F1DF6474B000F5C45 /* pdateParser.swift */ = {isa = PBXFileReference; fileEncoding = 4; lastKnownFileType = sourcecode.swift; path = pdateParser.swift; sourceTree = "<group>"; };
		B9BDBF501DF6474B000F5C45 /* pdateParserATN.swift */ = {isa = PBXFileReference; fileEncoding = 4; lastKnownFileType = sourcecode.swift; path = pdateParserATN.swift; sourceTree = "<group>"; };
		B9BDBF511DF6474B000F5C45 /* pdateVisitor.swift */ = {isa = PBXFileReference; fileEncoding = 4; lastKnownFileType = sourcecode.swift; path = pdateVisitor.swift; sourceTree = "<group>"; };
		B9BDBF5B1DF64911000F5C45 /* ANTLRErrorListener.swift */ = {isa = PBXFileReference; fileEncoding = 4; lastKnownFileType = sourcecode.swift; path = ANTLRErrorListener.swift; sourceTree = "<group>"; };
		B9BDBF5C1DF64911000F5C45 /* ANTLRErrorStrategy.swift */ = {isa = PBXFileReference; fileEncoding = 4; lastKnownFileType = sourcecode.swift; path = ANTLRErrorStrategy.swift; sourceTree = "<group>"; };
		B9BDBF5D1DF64911000F5C45 /* ANTLRFileStream.swift */ = {isa = PBXFileReference; fileEncoding = 4; lastKnownFileType = sourcecode.swift; path = ANTLRFileStream.swift; sourceTree = "<group>"; };
		B9BDBF5E1DF64911000F5C45 /* ANTLRInputStream.swift */ = {isa = PBXFileReference; fileEncoding = 4; lastKnownFileType = sourcecode.swift; path = ANTLRInputStream.swift; sourceTree = "<group>"; };
		B9BDBF601DF64911000F5C45 /* AbstractPredicateTransition.swift */ = {isa = PBXFileReference; fileEncoding = 4; lastKnownFileType = sourcecode.swift; path = AbstractPredicateTransition.swift; sourceTree = "<group>"; };
		B9BDBF611DF64911000F5C45 /* ActionTransition.swift */ = {isa = PBXFileReference; fileEncoding = 4; lastKnownFileType = sourcecode.swift; path = ActionTransition.swift; sourceTree = "<group>"; };
		B9BDBF621DF64911000F5C45 /* AmbiguityInfo.swift */ = {isa = PBXFileReference; fileEncoding = 4; lastKnownFileType = sourcecode.swift; path = AmbiguityInfo.swift; sourceTree = "<group>"; };
		B9BDBF631DF64911000F5C45 /* ArrayPredictionContext.swift */ = {isa = PBXFileReference; fileEncoding = 4; lastKnownFileType = sourcecode.swift; path = ArrayPredictionContext.swift; sourceTree = "<group>"; };
		B9BDBF641DF64911000F5C45 /* ATN.swift */ = {isa = PBXFileReference; fileEncoding = 4; lastKnownFileType = sourcecode.swift; path = ATN.swift; sourceTree = "<group>"; };
		B9BDBF651DF64911000F5C45 /* ATNConfig.swift */ = {isa = PBXFileReference; fileEncoding = 4; lastKnownFileType = sourcecode.swift; path = ATNConfig.swift; sourceTree = "<group>"; };
		B9BDBF661DF64911000F5C45 /* ATNConfigSet.swift */ = {isa = PBXFileReference; fileEncoding = 4; lastKnownFileType = sourcecode.swift; path = ATNConfigSet.swift; sourceTree = "<group>"; };
		B9BDBF671DF64911000F5C45 /* ATNDeserializationOptions.swift */ = {isa = PBXFileReference; fileEncoding = 4; lastKnownFileType = sourcecode.swift; path = ATNDeserializationOptions.swift; sourceTree = "<group>"; };
		B9BDBF681DF64911000F5C45 /* ATNDeserializer.swift */ = {isa = PBXFileReference; fileEncoding = 4; lastKnownFileType = sourcecode.swift; path = ATNDeserializer.swift; sourceTree = "<group>"; };
		B9BDBF691DF64911000F5C45 /* ATNSimulator.swift */ = {isa = PBXFileReference; fileEncoding = 4; lastKnownFileType = sourcecode.swift; path = ATNSimulator.swift; sourceTree = "<group>"; };
		B9BDBF6A1DF64911000F5C45 /* ATNState.swift */ = {isa = PBXFileReference; fileEncoding = 4; lastKnownFileType = sourcecode.swift; path = ATNState.swift; sourceTree = "<group>"; };
		B9BDBF6B1DF64911000F5C45 /* ATNType.swift */ = {isa = PBXFileReference; fileEncoding = 4; lastKnownFileType = sourcecode.swift; path = ATNType.swift; sourceTree = "<group>"; };
		B9BDBF6C1DF64911000F5C45 /* AtomTransition.swift */ = {isa = PBXFileReference; fileEncoding = 4; lastKnownFileType = sourcecode.swift; path = AtomTransition.swift; sourceTree = "<group>"; };
		B9BDBF6D1DF64911000F5C45 /* BasicBlockStartState.swift */ = {isa = PBXFileReference; fileEncoding = 4; lastKnownFileType = sourcecode.swift; path = BasicBlockStartState.swift; sourceTree = "<group>"; };
		B9BDBF6E1DF64911000F5C45 /* BasicState.swift */ = {isa = PBXFileReference; fileEncoding = 4; lastKnownFileType = sourcecode.swift; path = BasicState.swift; sourceTree = "<group>"; };
		B9BDBF6F1DF64911000F5C45 /* BlockEndState.swift */ = {isa = PBXFileReference; fileEncoding = 4; lastKnownFileType = sourcecode.swift; path = BlockEndState.swift; sourceTree = "<group>"; };
		B9BDBF701DF64911000F5C45 /* BlockStartState.swift */ = {isa = PBXFileReference; fileEncoding = 4; lastKnownFileType = sourcecode.swift; path = BlockStartState.swift; sourceTree = "<group>"; };
		B9BDBF711DF64911000F5C45 /* ContextSensitivityInfo.swift */ = {isa = PBXFileReference; fileEncoding = 4; lastKnownFileType = sourcecode.swift; path = ContextSensitivityInfo.swift; sourceTree = "<group>"; };
		B9BDBF721DF64911000F5C45 /* DecisionEventInfo.swift */ = {isa = PBXFileReference; fileEncoding = 4; lastKnownFileType = sourcecode.swift; path = DecisionEventInfo.swift; sourceTree = "<group>"; };
		B9BDBF731DF64911000F5C45 /* DecisionInfo.swift */ = {isa = PBXFileReference; fileEncoding = 4; lastKnownFileType = sourcecode.swift; path = DecisionInfo.swift; sourceTree = "<group>"; };
		B9BDBF741DF64911000F5C45 /* DecisionState.swift */ = {isa = PBXFileReference; fileEncoding = 4; lastKnownFileType = sourcecode.swift; path = DecisionState.swift; sourceTree = "<group>"; };
		B9BDBF751DF64911000F5C45 /* DefaultATNConfig.swift */ = {isa = PBXFileReference; fileEncoding = 4; lastKnownFileType = sourcecode.swift; path = DefaultATNConfig.swift; sourceTree = "<group>"; };
		B9BDBF761DF64911000F5C45 /* EmptyPredictionContext.swift */ = {isa = PBXFileReference; fileEncoding = 4; lastKnownFileType = sourcecode.swift; path = EmptyPredictionContext.swift; sourceTree = "<group>"; };
		B9BDBF771DF64911000F5C45 /* EpsilonTransition.swift */ = {isa = PBXFileReference; fileEncoding = 4; lastKnownFileType = sourcecode.swift; path = EpsilonTransition.swift; sourceTree = "<group>"; };
		B9BDBF781DF64911000F5C45 /* ErrorInfo.swift */ = {isa = PBXFileReference; fileEncoding = 4; lastKnownFileType = sourcecode.swift; path = ErrorInfo.swift; sourceTree = "<group>"; };
		B9BDBF791DF64911000F5C45 /* LexerAction.swift */ = {isa = PBXFileReference; fileEncoding = 4; lastKnownFileType = sourcecode.swift; path = LexerAction.swift; sourceTree = "<group>"; };
		B9BDBF7A1DF64911000F5C45 /* LexerActionExecutor.swift */ = {isa = PBXFileReference; fileEncoding = 4; lastKnownFileType = sourcecode.swift; path = LexerActionExecutor.swift; sourceTree = "<group>"; };
		B9BDBF7B1DF64911000F5C45 /* LexerActionType.swift */ = {isa = PBXFileReference; fileEncoding = 4; lastKnownFileType = sourcecode.swift; path = LexerActionType.swift; sourceTree = "<group>"; };
		B9BDBF7C1DF64911000F5C45 /* LexerATNConfig.swift */ = {isa = PBXFileReference; fileEncoding = 4; lastKnownFileType = sourcecode.swift; path = LexerATNConfig.swift; sourceTree = "<group>"; };
		B9BDBF7D1DF64911000F5C45 /* LexerATNSimulator.swift */ = {isa = PBXFileReference; fileEncoding = 4; lastKnownFileType = sourcecode.swift; path = LexerATNSimulator.swift; sourceTree = "<group>"; };
		B9BDBF7E1DF64911000F5C45 /* LexerChannelAction.swift */ = {isa = PBXFileReference; fileEncoding = 4; lastKnownFileType = sourcecode.swift; path = LexerChannelAction.swift; sourceTree = "<group>"; };
		B9BDBF7F1DF64911000F5C45 /* LexerCustomAction.swift */ = {isa = PBXFileReference; fileEncoding = 4; lastKnownFileType = sourcecode.swift; path = LexerCustomAction.swift; sourceTree = "<group>"; };
		B9BDBF801DF64911000F5C45 /* LexerIndexedCustomAction.swift */ = {isa = PBXFileReference; fileEncoding = 4; lastKnownFileType = sourcecode.swift; path = LexerIndexedCustomAction.swift; sourceTree = "<group>"; };
		B9BDBF811DF64911000F5C45 /* LexerModeAction.swift */ = {isa = PBXFileReference; fileEncoding = 4; lastKnownFileType = sourcecode.swift; path = LexerModeAction.swift; sourceTree = "<group>"; };
		B9BDBF821DF64911000F5C45 /* LexerMoreAction.swift */ = {isa = PBXFileReference; fileEncoding = 4; lastKnownFileType = sourcecode.swift; path = LexerMoreAction.swift; sourceTree = "<group>"; };
		B9BDBF831DF64911000F5C45 /* LexerPopModeAction.swift */ = {isa = PBXFileReference; fileEncoding = 4; lastKnownFileType = sourcecode.swift; path = LexerPopModeAction.swift; sourceTree = "<group>"; };
		B9BDBF841DF64911000F5C45 /* LexerPushModeAction.swift */ = {isa = PBXFileReference; fileEncoding = 4; lastKnownFileType = sourcecode.swift; path = LexerPushModeAction.swift; sourceTree = "<group>"; };
		B9BDBF851DF64911000F5C45 /* LexerSkipAction.swift */ = {isa = PBXFileReference; fileEncoding = 4; lastKnownFileType = sourcecode.swift; path = LexerSkipAction.swift; sourceTree = "<group>"; };
		B9BDBF861DF64911000F5C45 /* LexerTypeAction.swift */ = {isa = PBXFileReference; fileEncoding = 4; lastKnownFileType = sourcecode.swift; path = LexerTypeAction.swift; sourceTree = "<group>"; };
		B9BDBF871DF64911000F5C45 /* LL1Analyzer.swift */ = {isa = PBXFileReference; fileEncoding = 4; lastKnownFileType = sourcecode.swift; path = LL1Analyzer.swift; sourceTree = "<group>"; };
		B9BDBF881DF64911000F5C45 /* LookaheadEventInfo.swift */ = {isa = PBXFileReference; fileEncoding = 4; lastKnownFileType = sourcecode.swift; path = LookaheadEventInfo.swift; sourceTree = "<group>"; };
		B9BDBF891DF64911000F5C45 /* LookupATNConfig.swift */ = {isa = PBXFileReference; fileEncoding = 4; lastKnownFileType = sourcecode.swift; path = LookupATNConfig.swift; sourceTree = "<group>"; };
		B9BDBF8A1DF64911000F5C45 /* LookupDictionary.swift */ = {isa = PBXFileReference; fileEncoding = 4; lastKnownFileType = sourcecode.swift; path = LookupDictionary.swift; sourceTree = "<group>"; };
		B9BDBF8B1DF64911000F5C45 /* LoopEndState.swift */ = {isa = PBXFileReference; fileEncoding = 4; lastKnownFileType = sourcecode.swift; path = LoopEndState.swift; sourceTree = "<group>"; };
		B9BDBF8C1DF64911000F5C45 /* NotSetTransition.swift */ = {isa = PBXFileReference; fileEncoding = 4; lastKnownFileType = sourcecode.swift; path = NotSetTransition.swift; sourceTree = "<group>"; };
		B9BDBF8D1DF64911000F5C45 /* OrderedATNConfig.swift */ = {isa = PBXFileReference; fileEncoding = 4; lastKnownFileType = sourcecode.swift; path = OrderedATNConfig.swift; sourceTree = "<group>"; };
		B9BDBF8E1DF64911000F5C45 /* OrderedATNConfigSet.swift */ = {isa = PBXFileReference; fileEncoding = 4; lastKnownFileType = sourcecode.swift; path = OrderedATNConfigSet.swift; sourceTree = "<group>"; };
		B9BDBF8F1DF64911000F5C45 /* ParseInfo.swift */ = {isa = PBXFileReference; fileEncoding = 4; lastKnownFileType = sourcecode.swift; path = ParseInfo.swift; sourceTree = "<group>"; };
		B9BDBF901DF64911000F5C45 /* ParserATNSimulator.swift */ = {isa = PBXFileReference; fileEncoding = 4; lastKnownFileType = sourcecode.swift; path = ParserATNSimulator.swift; sourceTree = "<group>"; };
		B9BDBF911DF64911000F5C45 /* PlusBlockStartState.swift */ = {isa = PBXFileReference; fileEncoding = 4; lastKnownFileType = sourcecode.swift; path = PlusBlockStartState.swift; sourceTree = "<group>"; };
		B9BDBF921DF64911000F5C45 /* PlusLoopbackState.swift */ = {isa = PBXFileReference; fileEncoding = 4; lastKnownFileType = sourcecode.swift; path = PlusLoopbackState.swift; sourceTree = "<group>"; };
		B9BDBF931DF64911000F5C45 /* PrecedencePredicateTransition.swift */ = {isa = PBXFileReference; fileEncoding = 4; lastKnownFileType = sourcecode.swift; path = PrecedencePredicateTransition.swift; sourceTree = "<group>"; };
		B9BDBF941DF64911000F5C45 /* PredicateEvalInfo.swift */ = {isa = PBXFileReference; fileEncoding = 4; lastKnownFileType = sourcecode.swift; path = PredicateEvalInfo.swift; sourceTree = "<group>"; };
		B9BDBF951DF64911000F5C45 /* PredicateTransition.swift */ = {isa = PBXFileReference; fileEncoding = 4; lastKnownFileType = sourcecode.swift; path = PredicateTransition.swift; sourceTree = "<group>"; };
		B9BDBF961DF64911000F5C45 /* PredictionContext.swift */ = {isa = PBXFileReference; fileEncoding = 4; lastKnownFileType = sourcecode.swift; path = PredictionContext.swift; sourceTree = "<group>"; };
		B9BDBF971DF64911000F5C45 /* PredictionContextCache.swift */ = {isa = PBXFileReference; fileEncoding = 4; lastKnownFileType = sourcecode.swift; path = PredictionContextCache.swift; sourceTree = "<group>"; };
		B9BDBF981DF64911000F5C45 /* PredictionMode.swift */ = {isa = PBXFileReference; fileEncoding = 4; lastKnownFileType = sourcecode.swift; path = PredictionMode.swift; sourceTree = "<group>"; };
		B9BDBF991DF64911000F5C45 /* ProfilingATNSimulator.swift */ = {isa = PBXFileReference; fileEncoding = 4; lastKnownFileType = sourcecode.swift; path = ProfilingATNSimulator.swift; sourceTree = "<group>"; };
		B9BDBF9A1DF64911000F5C45 /* RangeTransition.swift */ = {isa = PBXFileReference; fileEncoding = 4; lastKnownFileType = sourcecode.swift; path = RangeTransition.swift; sourceTree = "<group>"; };
		B9BDBF9B1DF64911000F5C45 /* RuleStartState.swift */ = {isa = PBXFileReference; fileEncoding = 4; lastKnownFileType = sourcecode.swift; path = RuleStartState.swift; sourceTree = "<group>"; };
		B9BDBF9C1DF64911000F5C45 /* RuleStopState.swift */ = {isa = PBXFileReference; fileEncoding = 4; lastKnownFileType = sourcecode.swift; path = RuleStopState.swift; sourceTree = "<group>"; };
		B9BDBF9D1DF64911000F5C45 /* RuleTransition.swift */ = {isa = PBXFileReference; fileEncoding = 4; lastKnownFileType = sourcecode.swift; path = RuleTransition.swift; sourceTree = "<group>"; };
		B9BDBF9E1DF64911000F5C45 /* SemanticContext.swift */ = {isa = PBXFileReference; fileEncoding = 4; lastKnownFileType = sourcecode.swift; path = SemanticContext.swift; sourceTree = "<group>"; };
		B9BDBF9F1DF64911000F5C45 /* SetTransition.swift */ = {isa = PBXFileReference; fileEncoding = 4; lastKnownFileType = sourcecode.swift; path = SetTransition.swift; sourceTree = "<group>"; };
		B9BDBFA01DF64911000F5C45 /* SingletonPredictionContext.swift */ = {isa = PBXFileReference; fileEncoding = 4; lastKnownFileType = sourcecode.swift; path = SingletonPredictionContext.swift; sourceTree = "<group>"; };
		B9BDBFA11DF64911000F5C45 /* StarBlockStartState.swift */ = {isa = PBXFileReference; fileEncoding = 4; lastKnownFileType = sourcecode.swift; path = StarBlockStartState.swift; sourceTree = "<group>"; };
		B9BDBFA21DF64911000F5C45 /* StarLoopbackState.swift */ = {isa = PBXFileReference; fileEncoding = 4; lastKnownFileType = sourcecode.swift; path = StarLoopbackState.swift; sourceTree = "<group>"; };
		B9BDBFA31DF64911000F5C45 /* StarLoopEntryState.swift */ = {isa = PBXFileReference; fileEncoding = 4; lastKnownFileType = sourcecode.swift; path = StarLoopEntryState.swift; sourceTree = "<group>"; };
		B9BDBFA41DF64911000F5C45 /* TokensStartState.swift */ = {isa = PBXFileReference; fileEncoding = 4; lastKnownFileType = sourcecode.swift; path = TokensStartState.swift; sourceTree = "<group>"; };
		B9BDBFA51DF64911000F5C45 /* Transition.swift */ = {isa = PBXFileReference; fileEncoding = 4; lastKnownFileType = sourcecode.swift; path = Transition.swift; sourceTree = "<group>"; };
		B9BDBFA61DF64911000F5C45 /* WildcardTransition.swift */ = {isa = PBXFileReference; fileEncoding = 4; lastKnownFileType = sourcecode.swift; path = WildcardTransition.swift; sourceTree = "<group>"; };
		B9BDBFA71DF64911000F5C45 /* BailErrorStrategy.swift */ = {isa = PBXFileReference; fileEncoding = 4; lastKnownFileType = sourcecode.swift; path = BailErrorStrategy.swift; sourceTree = "<group>"; };
		B9BDBFA81DF64911000F5C45 /* BaseErrorListener.swift */ = {isa = PBXFileReference; fileEncoding = 4; lastKnownFileType = sourcecode.swift; path = BaseErrorListener.swift; sourceTree = "<group>"; };
		B9BDBFA91DF64911000F5C45 /* BufferedTokenStream.swift */ = {isa = PBXFileReference; fileEncoding = 4; lastKnownFileType = sourcecode.swift; path = BufferedTokenStream.swift; sourceTree = "<group>"; };
		B9BDBFAA1DF64911000F5C45 /* CharStream.swift */ = {isa = PBXFileReference; fileEncoding = 4; lastKnownFileType = sourcecode.swift; path = CharStream.swift; sourceTree = "<group>"; };
		B9BDBFAB1DF64911000F5C45 /* CommonToken.swift */ = {isa = PBXFileReference; fileEncoding = 4; lastKnownFileType = sourcecode.swift; path = CommonToken.swift; sourceTree = "<group>"; };
		B9BDBFAC1DF64911000F5C45 /* CommonTokenFactory.swift */ = {isa = PBXFileReference; fileEncoding = 4; lastKnownFileType = sourcecode.swift; path = CommonTokenFactory.swift; sourceTree = "<group>"; };
		B9BDBFAD1DF64911000F5C45 /* CommonTokenStream.swift */ = {isa = PBXFileReference; fileEncoding = 4; lastKnownFileType = sourcecode.swift; path = CommonTokenStream.swift; sourceTree = "<group>"; };
		B9BDBFAE1DF64911000F5C45 /* ConsoleErrorListener.swift */ = {isa = PBXFileReference; fileEncoding = 4; lastKnownFileType = sourcecode.swift; path = ConsoleErrorListener.swift; sourceTree = "<group>"; };
		B9BDBFAF1DF64911000F5C45 /* DefaultErrorStrategy.swift */ = {isa = PBXFileReference; fileEncoding = 4; lastKnownFileType = sourcecode.swift; path = DefaultErrorStrategy.swift; sourceTree = "<group>"; };
		B9BDBFB11DF64911000F5C45 /* DFA.swift */ = {isa = PBXFileReference; fileEncoding = 4; lastKnownFileType = sourcecode.swift; path = DFA.swift; sourceTree = "<group>"; };
		B9BDBFB21DF64911000F5C45 /* DFASerializer.swift */ = {isa = PBXFileReference; fileEncoding = 4; lastKnownFileType = sourcecode.swift; path = DFASerializer.swift; sourceTree = "<group>"; };
		B9BDBFB31DF64911000F5C45 /* DFAState.swift */ = {isa = PBXFileReference; fileEncoding = 4; lastKnownFileType = sourcecode.swift; path = DFAState.swift; sourceTree = "<group>"; };
		B9BDBFB41DF64911000F5C45 /* LexerDFASerializer.swift */ = {isa = PBXFileReference; fileEncoding = 4; lastKnownFileType = sourcecode.swift; path = LexerDFASerializer.swift; sourceTree = "<group>"; };
		B9BDBFB51DF64911000F5C45 /* DiagnosticErrorListener.swift */ = {isa = PBXFileReference; fileEncoding = 4; lastKnownFileType = sourcecode.swift; path = DiagnosticErrorListener.swift; sourceTree = "<group>"; };
		B9BDBFB61DF64911000F5C45 /* FailedPredicateException.swift */ = {isa = PBXFileReference; fileEncoding = 4; lastKnownFileType = sourcecode.swift; path = FailedPredicateException.swift; sourceTree = "<group>"; };
		B9BDBFB71DF64911000F5C45 /* InputMismatchException.swift */ = {isa = PBXFileReference; fileEncoding = 4; lastKnownFileType = sourcecode.swift; path = InputMismatchException.swift; sourceTree = "<group>"; };
		B9BDBFB81DF64911000F5C45 /* InterpreterRuleContext.swift */ = {isa = PBXFileReference; fileEncoding = 4; lastKnownFileType = sourcecode.swift; path = InterpreterRuleContext.swift; sourceTree = "<group>"; };
		B9BDBFB91DF64911000F5C45 /* IntStream.swift */ = {isa = PBXFileReference; fileEncoding = 4; lastKnownFileType = sourcecode.swift; path = IntStream.swift; sourceTree = "<group>"; };
		B9BDBFBA1DF64911000F5C45 /* Lexer.swift */ = {isa = PBXFileReference; fileEncoding = 4; lastKnownFileType = sourcecode.swift; path = Lexer.swift; sourceTree = "<group>"; };
		B9BDBFBB1DF64911000F5C45 /* LexerInterpreter.swift */ = {isa = PBXFileReference; fileEncoding = 4; lastKnownFileType = sourcecode.swift; path = LexerInterpreter.swift; sourceTree = "<group>"; };
		B9BDBFBC1DF64911000F5C45 /* LexerNoViableAltException.swift */ = {isa = PBXFileReference; fileEncoding = 4; lastKnownFileType = sourcecode.swift; path = LexerNoViableAltException.swift; sourceTree = "<group>"; };
		B9BDBFBD1DF64911000F5C45 /* ListTokenSource.swift */ = {isa = PBXFileReference; fileEncoding = 4; lastKnownFileType = sourcecode.swift; path = ListTokenSource.swift; sourceTree = "<group>"; };
		B9BDBFBF1DF64911000F5C45 /* ArrayList.swift */ = {isa = PBXFileReference; fileEncoding = 4; lastKnownFileType = sourcecode.swift; path = ArrayList.swift; sourceTree = "<group>"; };
		B9BDBFC01DF64911000F5C45 /* ArrayWrapper.swift */ = {isa = PBXFileReference; fileEncoding = 4; lastKnownFileType = sourcecode.swift; path = ArrayWrapper.swift; sourceTree = "<group>"; };
		B9BDBFC11DF64911000F5C45 /* BitSet.swift */ = {isa = PBXFileReference; fileEncoding = 4; lastKnownFileType = sourcecode.swift; path = BitSet.swift; sourceTree = "<group>"; };
		B9BDBFC21DF64911000F5C45 /* DoubleKeyMap.swift */ = {isa = PBXFileReference; fileEncoding = 4; lastKnownFileType = sourcecode.swift; path = DoubleKeyMap.swift; sourceTree = "<group>"; };
		B9BDBFC41DF64911000F5C45 /* ANTLRError.swift */ = {isa = PBXFileReference; fileEncoding = 4; lastKnownFileType = sourcecode.swift; path = ANTLRError.swift; sourceTree = "<group>"; };
		B9BDBFC51DF64911000F5C45 /* ANTLRException.swift */ = {isa = PBXFileReference; fileEncoding = 4; lastKnownFileType = sourcecode.swift; path = ANTLRException.swift; sourceTree = "<group>"; };
		B9BDBFC71DF64911000F5C45 /* ArrayExtension.swift */ = {isa = PBXFileReference; fileEncoding = 4; lastKnownFileType = sourcecode.swift; path = ArrayExtension.swift; sourceTree = "<group>"; };
		B9BDBFC81DF64911000F5C45 /* CharacterExtension.swift */ = {isa = PBXFileReference; fileEncoding = 4; lastKnownFileType = sourcecode.swift; path = CharacterExtension.swift; sourceTree = "<group>"; };
		B9BDBFC91DF64911000F5C45 /* IntStreamExtension.swift */ = {isa = PBXFileReference; fileEncoding = 4; lastKnownFileType = sourcecode.swift; path = IntStreamExtension.swift; sourceTree = "<group>"; };
		B9BDBFCA1DF64911000F5C45 /* NSUUIDExtension.swift */ = {isa = PBXFileReference; fileEncoding = 4; lastKnownFileType = sourcecode.swift; path = NSUUIDExtension.swift; sourceTree = "<group>"; };
		B9BDBFCB1DF64911000F5C45 /* StirngExtension.swift */ = {isa = PBXFileReference; fileEncoding = 4; lastKnownFileType = sourcecode.swift; path = StirngExtension.swift; sourceTree = "<group>"; };
		B9BDBFCC1DF64911000F5C45 /* TokenExtension.swift */ = {isa = PBXFileReference; fileEncoding = 4; lastKnownFileType = sourcecode.swift; path = TokenExtension.swift; sourceTree = "<group>"; };
		B9BDBFCD1DF64911000F5C45 /* HashMap.swift */ = {isa = PBXFileReference; fileEncoding = 4; lastKnownFileType = sourcecode.swift; path = HashMap.swift; sourceTree = "<group>"; };
		B9BDBFCE1DF64911000F5C45 /* Interval.swift */ = {isa = PBXFileReference; fileEncoding = 4; lastKnownFileType = sourcecode.swift; path = Interval.swift; sourceTree = "<group>"; };
		B9BDBFCF1DF64911000F5C45 /* IntervalSet.swift */ = {isa = PBXFileReference; fileEncoding = 4; lastKnownFileType = sourcecode.swift; path = IntervalSet.swift; sourceTree = "<group>"; };
		B9BDBFD01DF64911000F5C45 /* IntSet.swift */ = {isa = PBXFileReference; fileEncoding = 4; lastKnownFileType = sourcecode.swift; path = IntSet.swift; sourceTree = "<group>"; };
		B9BDBFD11DF64911000F5C45 /* MultiMap.swift */ = {isa = PBXFileReference; fileEncoding = 4; lastKnownFileType = sourcecode.swift; path = MultiMap.swift; sourceTree = "<group>"; };
		B9BDBFD21DF64911000F5C45 /* MurmurHash.swift */ = {isa = PBXFileReference; fileEncoding = 4; lastKnownFileType = sourcecode.swift; path = MurmurHash.swift; sourceTree = "<group>"; };
		B9BDBFD31DF64911000F5C45 /* Triple.swift */ = {isa = PBXFileReference; fileEncoding = 4; lastKnownFileType = sourcecode.swift; path = Triple.swift; sourceTree = "<group>"; };
		B9BDBFD51DF64911000F5C45 /* CommonUtil.swift */ = {isa = PBXFileReference; fileEncoding = 4; lastKnownFileType = sourcecode.swift; path = CommonUtil.swift; sourceTree = "<group>"; };
		B9BDBFD61DF64911000F5C45 /* Stack.swift */ = {isa = PBXFileReference; fileEncoding = 4; lastKnownFileType = sourcecode.swift; path = Stack.swift; sourceTree = "<group>"; };
		B9BDBFD71DF64911000F5C45 /* StringBuilder.swift */ = {isa = PBXFileReference; fileEncoding = 4; lastKnownFileType = sourcecode.swift; path = StringBuilder.swift; sourceTree = "<group>"; };
		B9BDBFD81DF64911000F5C45 /* Utils.swift */ = {isa = PBXFileReference; fileEncoding = 4; lastKnownFileType = sourcecode.swift; path = Utils.swift; sourceTree = "<group>"; };
		B9BDBFD91DF64911000F5C45 /* NoViableAltException.swift */ = {isa = PBXFileReference; fileEncoding = 4; lastKnownFileType = sourcecode.swift; path = NoViableAltException.swift; sourceTree = "<group>"; };
		B9BDBFDA1DF64911000F5C45 /* Parser.swift */ = {isa = PBXFileReference; fileEncoding = 4; lastKnownFileType = sourcecode.swift; path = Parser.swift; sourceTree = "<group>"; };
		B9BDBFDB1DF64911000F5C45 /* ParserInterpreter.swift */ = {isa = PBXFileReference; fileEncoding = 4; lastKnownFileType = sourcecode.swift; path = ParserInterpreter.swift; sourceTree = "<group>"; };
		B9BDBFDC1DF64911000F5C45 /* ParserRuleContext.swift */ = {isa = PBXFileReference; fileEncoding = 4; lastKnownFileType = sourcecode.swift; path = ParserRuleContext.swift; sourceTree = "<group>"; };
		B9BDBFDD1DF64911000F5C45 /* ProxyErrorListener.swift */ = {isa = PBXFileReference; fileEncoding = 4; lastKnownFileType = sourcecode.swift; path = ProxyErrorListener.swift; sourceTree = "<group>"; };
		B9BDBFDE1DF64911000F5C45 /* RecognitionException.swift */ = {isa = PBXFileReference; fileEncoding = 4; lastKnownFileType = sourcecode.swift; path = RecognitionException.swift; sourceTree = "<group>"; };
		B9BDBFDF1DF64911000F5C45 /* Recognizer.swift */ = {isa = PBXFileReference; fileEncoding = 4; lastKnownFileType = sourcecode.swift; path = Recognizer.swift; sourceTree = "<group>"; };
		B9BDBFE01DF64911000F5C45 /* RuleContext.swift */ = {isa = PBXFileReference; fileEncoding = 4; lastKnownFileType = sourcecode.swift; path = RuleContext.swift; sourceTree = "<group>"; };
		B9BDBFE11DF64911000F5C45 /* RuntimeMetaData.swift */ = {isa = PBXFileReference; fileEncoding = 4; lastKnownFileType = sourcecode.swift; path = RuntimeMetaData.swift; sourceTree = "<group>"; };
		B9BDBFE21DF64911000F5C45 /* Token.swift */ = {isa = PBXFileReference; fileEncoding = 4; lastKnownFileType = sourcecode.swift; path = Token.swift; sourceTree = "<group>"; };
		B9BDBFE31DF64911000F5C45 /* TokenFactory.swift */ = {isa = PBXFileReference; fileEncoding = 4; lastKnownFileType = sourcecode.swift; path = TokenFactory.swift; sourceTree = "<group>"; };
		B9BDBFE41DF64911000F5C45 /* TokenSource.swift */ = {isa = PBXFileReference; fileEncoding = 4; lastKnownFileType = sourcecode.swift; path = TokenSource.swift; sourceTree = "<group>"; };
		B9BDBFE51DF64911000F5C45 /* TokenStream.swift */ = {isa = PBXFileReference; fileEncoding = 4; lastKnownFileType = sourcecode.swift; path = TokenStream.swift; sourceTree = "<group>"; };
		B9BDBFE61DF64911000F5C45 /* TokenStreamRewriter.swift */ = {isa = PBXFileReference; fileEncoding = 4; lastKnownFileType = sourcecode.swift; path = TokenStreamRewriter.swift; sourceTree = "<group>"; };
		B9BDBFE81DF64911000F5C45 /* AbstractParseTreeVisitor.swift */ = {isa = PBXFileReference; fileEncoding = 4; lastKnownFileType = sourcecode.swift; path = AbstractParseTreeVisitor.swift; sourceTree = "<group>"; };
		B9BDBFE91DF64911000F5C45 /* ErrorNode.swift */ = {isa = PBXFileReference; fileEncoding = 4; lastKnownFileType = sourcecode.swift; path = ErrorNode.swift; sourceTree = "<group>"; };
		B9BDBFEA1DF64911000F5C45 /* ParseTree.swift */ = {isa = PBXFileReference; fileEncoding = 4; lastKnownFileType = sourcecode.swift; path = ParseTree.swift; sourceTree = "<group>"; };
		B9BDBFEB1DF64911000F5C45 /* ParseTreeListener.swift */ = {isa = PBXFileReference; fileEncoding = 4; lastKnownFileType = sourcecode.swift; path = ParseTreeListener.swift; sourceTree = "<group>"; };
		B9BDBFEC1DF64911000F5C45 /* ParseTreeVisitor.swift */ = {isa = PBXFileReference; fileEncoding = 4; lastKnownFileType = sourcecode.swift; path = ParseTreeVisitor.swift; sourceTree = "<group>"; };
		B9BDBFED1DF64911000F5C45 /* ParseTreeWalker.swift */ = {isa = PBXFileReference; fileEncoding = 4; lastKnownFileType = sourcecode.swift; path = ParseTreeWalker.swift; sourceTree = "<group>"; };
		B9BDBFEF1DF64911000F5C45 /* Chunk.swift */ = {isa = PBXFileReference; fileEncoding = 4; lastKnownFileType = sourcecode.swift; path = Chunk.swift; sourceTree = "<group>"; };
		B9BDBFF01DF64911000F5C45 /* ParseTreeMatch.swift */ = {isa = PBXFileReference; fileEncoding = 4; lastKnownFileType = sourcecode.swift; path = ParseTreeMatch.swift; sourceTree = "<group>"; };
		B9BDBFF11DF64911000F5C45 /* ParseTreePattern.swift */ = {isa = PBXFileReference; fileEncoding = 4; lastKnownFileType = sourcecode.swift; path = ParseTreePattern.swift; sourceTree = "<group>"; };
		B9BDBFF21DF64911000F5C45 /* ParseTreePatternMatcher.swift */ = {isa = PBXFileReference; fileEncoding = 4; lastKnownFileType = sourcecode.swift; path = ParseTreePatternMatcher.swift; sourceTree = "<group>"; };
		B9BDBFF31DF64911000F5C45 /* RuleTagToken.swift */ = {isa = PBXFileReference; fileEncoding = 4; lastKnownFileType = sourcecode.swift; path = RuleTagToken.swift; sourceTree = "<group>"; };
		B9BDBFF41DF64911000F5C45 /* TagChunk.swift */ = {isa = PBXFileReference; fileEncoding = 4; lastKnownFileType = sourcecode.swift; path = TagChunk.swift; sourceTree = "<group>"; };
		B9BDBFF51DF64911000F5C45 /* TextChunk.swift */ = {isa = PBXFileReference; fileEncoding = 4; lastKnownFileType = sourcecode.swift; path = TextChunk.swift; sourceTree = "<group>"; };
		B9BDBFF61DF64911000F5C45 /* TokenTagToken.swift */ = {isa = PBXFileReference; fileEncoding = 4; lastKnownFileType = sourcecode.swift; path = TokenTagToken.swift; sourceTree = "<group>"; };
		B9BDBFF71DF64911000F5C45 /* RuleNode.swift */ = {isa = PBXFileReference; fileEncoding = 4; lastKnownFileType = sourcecode.swift; path = RuleNode.swift; sourceTree = "<group>"; };
		B9BDBFF81DF64911000F5C45 /* SyntaxTree.swift */ = {isa = PBXFileReference; fileEncoding = 4; lastKnownFileType = sourcecode.swift; path = SyntaxTree.swift; sourceTree = "<group>"; };
		B9BDBFF91DF64911000F5C45 /* TerminalNode.swift */ = {isa = PBXFileReference; fileEncoding = 4; lastKnownFileType = sourcecode.swift; path = TerminalNode.swift; sourceTree = "<group>"; };
		B9BDBFFA1DF64911000F5C45 /* TerminalNodeImpl.swift */ = {isa = PBXFileReference; fileEncoding = 4; lastKnownFileType = sourcecode.swift; path = TerminalNodeImpl.swift; sourceTree = "<group>"; };
		B9BDBFFB1DF64911000F5C45 /* Tree.swift */ = {isa = PBXFileReference; fileEncoding = 4; lastKnownFileType = sourcecode.swift; path = Tree.swift; sourceTree = "<group>"; };
		B9BDBFFC1DF64911000F5C45 /* Trees.swift */ = {isa = PBXFileReference; fileEncoding = 4; lastKnownFileType = sourcecode.swift; path = Trees.swift; sourceTree = "<group>"; };
		B9BDBFFD1DF64911000F5C45 /* UnbufferedTokenStream.swift */ = {isa = PBXFileReference; fileEncoding = 4; lastKnownFileType = sourcecode.swift; path = UnbufferedTokenStream.swift; sourceTree = "<group>"; };
		B9BDBFFE1DF64911000F5C45 /* VocabularySingle.swift */ = {isa = PBXFileReference; fileEncoding = 4; lastKnownFileType = sourcecode.swift; path = VocabularySingle.swift; sourceTree = "<group>"; };
		B9BDBFFF1DF64911000F5C45 /* WritableToken.swift */ = {isa = PBXFileReference; fileEncoding = 4; lastKnownFileType = sourcecode.swift; path = WritableToken.swift; sourceTree = "<group>"; };
		B9BDC09F1DF66802000F5C45 /* ParserRuleContextExtensions.swift */ = {isa = PBXFileReference; fileEncoding = 4; lastKnownFileType = sourcecode.swift; path = ParserRuleContextExtensions.swift; sourceTree = "<group>"; };
		B9C601AD1E01C071000FB2BA /* CommandLineInterface.swift */ = {isa = PBXFileReference; fileEncoding = 4; lastKnownFileType = sourcecode.swift; path = CommandLineInterface.swift; sourceTree = "<group>"; };
		B9C601B01E01C0A2000FB2BA /* ArrayExtensions.swift */ = {isa = PBXFileReference; fileEncoding = 4; lastKnownFileType = sourcecode.swift; path = ArrayExtensions.swift; sourceTree = "<group>"; };
		B9C601B11E01C0A2000FB2BA /* StringExtensions.swift */ = {isa = PBXFileReference; fileEncoding = 4; lastKnownFileType = sourcecode.swift; path = StringExtensions.swift; sourceTree = "<group>"; };
/* End PBXFileReference section */

/* Begin PBXFrameworksBuildPhase section */
		B96F23621DF1F2A50080335B /* Frameworks */ = {
			isa = PBXFrameworksBuildPhase;
			buildActionMask = 2147483647;
			files = (
			);
			runOnlyForDeploymentPostprocessing = 0;
		};
/* End PBXFrameworksBuildPhase section */

/* Begin PBXGroup section */
		B94987101DF48B9A001E0ABE /* antlr */ = {
			isa = PBXGroup;
			children = (
				B94987111DF48B9A001E0ABE /* pdate.g4 */,
				B9BDBF481DF6474B000F5C45 /* pdate.tokens */,
				B9BDBF4C1DF6474B000F5C45 /* pdateLexer.tokens */,
				B9BDBF491DF6474B000F5C45 /* pdateBaseListener.swift */,
				B9BDBF4A1DF6474B000F5C45 /* pdateBaseVisitor.swift */,
				B9BDBF4B1DF6474B000F5C45 /* pdateLexer.swift */,
				B9BDBF4D1DF6474B000F5C45 /* pdateLexerATN.swift */,
				B9BDBF4E1DF6474B000F5C45 /* pdateListener.swift */,
				B9BDBF4F1DF6474B000F5C45 /* pdateParser.swift */,
				B9BDBF501DF6474B000F5C45 /* pdateParserATN.swift */,
				B9BDBF511DF6474B000F5C45 /* pdateVisitor.swift */,
				B9BDC09F1DF66802000F5C45 /* ParserRuleContextExtensions.swift */,
			);
			path = antlr;
			sourceTree = "<group>";
		};
		B965DB811DF362D3002AE9D8 /* hexdreamsCocoa */ = {
			isa = PBXGroup;
			children = (
				B965DBA81DF3652E002AE9D8 /* hexdreams.swift */,
				B9C601AC1E01C071000FB2BA /* hexdreams */,
				B9C601AF1E01C0A2000FB2BA /* Swift */,
				B965DB8B1DF362D3002AE9D8 /* Foundation */,
			);
			name = hexdreamsCocoa;
			path = ../Submodules/hexdreamsCocoa/Sources;
			sourceTree = SOURCE_ROOT;
		};
		B965DB8B1DF362D3002AE9D8 /* Foundation */ = {
			isa = PBXGroup;
			children = (
				B965DB8D1DF362D3002AE9D8 /* DateExtensions.swift */,
			);
			path = Foundation;
			sourceTree = "<group>";
		};
		B96F235C1DF1F2A50080335B = {
			isa = PBXGroup;
			children = (
				B9BDBF5A1DF64911000F5C45 /* antlr-runtime */,
				B94987101DF48B9A001E0ABE /* antlr */,
				B96F23671DF1F2A60080335B /* pdate */,
				B965DB811DF362D3002AE9D8 /* hexdreamsCocoa */,
				B96F23661DF1F2A60080335B /* Products */,
			);
			sourceTree = "<group>";
		};
		B96F23661DF1F2A60080335B /* Products */ = {
			isa = PBXGroup;
			children = (
				B96F23651DF1F2A60080335B /* pdate */,
			);
			name = Products;
			sourceTree = "<group>";
		};
		B96F23671DF1F2A60080335B /* pdate */ = {
			isa = PBXGroup;
			children = (
				B96F23681DF1F2A60080335B /* main.swift */,
				B965DB7F1DF34A36002AE9D8 /* InputParser.swift */,
			);
			path = pdate;
			sourceTree = "<group>";
		};
		B9BDBF5A1DF64911000F5C45 /* antlr-runtime */ = {
			isa = PBXGroup;
			children = (
				B9BDBF5B1DF64911000F5C45 /* ANTLRErrorListener.swift */,
				B9BDBF5C1DF64911000F5C45 /* ANTLRErrorStrategy.swift */,
				B9BDBF5D1DF64911000F5C45 /* ANTLRFileStream.swift */,
				B9BDBF5E1DF64911000F5C45 /* ANTLRInputStream.swift */,
				B9BDBF5F1DF64911000F5C45 /* atn */,
				B9BDBFA71DF64911000F5C45 /* BailErrorStrategy.swift */,
				B9BDBFA81DF64911000F5C45 /* BaseErrorListener.swift */,
				B9BDBFA91DF64911000F5C45 /* BufferedTokenStream.swift */,
				B9BDBFAA1DF64911000F5C45 /* CharStream.swift */,
				B9BDBFAB1DF64911000F5C45 /* CommonToken.swift */,
				B9BDBFAC1DF64911000F5C45 /* CommonTokenFactory.swift */,
				B9BDBFAD1DF64911000F5C45 /* CommonTokenStream.swift */,
				B9BDBFAE1DF64911000F5C45 /* ConsoleErrorListener.swift */,
				B9BDBFAF1DF64911000F5C45 /* DefaultErrorStrategy.swift */,
				B9BDBFB01DF64911000F5C45 /* dfa */,
				B9BDBFB51DF64911000F5C45 /* DiagnosticErrorListener.swift */,
				B9BDBFB61DF64911000F5C45 /* FailedPredicateException.swift */,
				B9BDBFB71DF64911000F5C45 /* InputMismatchException.swift */,
				B9BDBFB81DF64911000F5C45 /* InterpreterRuleContext.swift */,
				B9BDBFB91DF64911000F5C45 /* IntStream.swift */,
				B9BDBFBA1DF64911000F5C45 /* Lexer.swift */,
				B9BDBFBB1DF64911000F5C45 /* LexerInterpreter.swift */,
				B9BDBFBC1DF64911000F5C45 /* LexerNoViableAltException.swift */,
				B9BDBFBD1DF64911000F5C45 /* ListTokenSource.swift */,
				B9BDBFBE1DF64911000F5C45 /* misc */,
				B9BDBFD91DF64911000F5C45 /* NoViableAltException.swift */,
				B9BDBFDA1DF64911000F5C45 /* Parser.swift */,
				B9BDBFDB1DF64911000F5C45 /* ParserInterpreter.swift */,
				B9BDBFDC1DF64911000F5C45 /* ParserRuleContext.swift */,
				B9BDBFDD1DF64911000F5C45 /* ProxyErrorListener.swift */,
				B9BDBFDE1DF64911000F5C45 /* RecognitionException.swift */,
				B9BDBFDF1DF64911000F5C45 /* Recognizer.swift */,
				B9BDBFE01DF64911000F5C45 /* RuleContext.swift */,
				B9BDBFE11DF64911000F5C45 /* RuntimeMetaData.swift */,
				B9BDBFE21DF64911000F5C45 /* Token.swift */,
				B9BDBFE31DF64911000F5C45 /* TokenFactory.swift */,
				B9BDBFE41DF64911000F5C45 /* TokenSource.swift */,
				B9BDBFE51DF64911000F5C45 /* TokenStream.swift */,
				B9BDBFE61DF64911000F5C45 /* TokenStreamRewriter.swift */,
				B9BDBFE71DF64911000F5C45 /* tree */,
				B9BDBFFD1DF64911000F5C45 /* UnbufferedTokenStream.swift */,
				B9BDBFFE1DF64911000F5C45 /* VocabularySingle.swift */,
				B9BDBFFF1DF64911000F5C45 /* WritableToken.swift */,
			);
			name = "antlr-runtime";
			path = ../Submodules/antlr4/runtime/Swift/Antlr4/org/antlr/v4/runtime;
			sourceTree = "<group>";
		};
		B9BDBF5F1DF64911000F5C45 /* atn */ = {
			isa = PBXGroup;
			children = (
				B9BDBF601DF64911000F5C45 /* AbstractPredicateTransition.swift */,
				B9BDBF611DF64911000F5C45 /* ActionTransition.swift */,
				B9BDBF621DF64911000F5C45 /* AmbiguityInfo.swift */,
				B9BDBF631DF64911000F5C45 /* ArrayPredictionContext.swift */,
				B9BDBF641DF64911000F5C45 /* ATN.swift */,
				B9BDBF651DF64911000F5C45 /* ATNConfig.swift */,
				B9BDBF661DF64911000F5C45 /* ATNConfigSet.swift */,
				B9BDBF671DF64911000F5C45 /* ATNDeserializationOptions.swift */,
				B9BDBF681DF64911000F5C45 /* ATNDeserializer.swift */,
				B9BDBF691DF64911000F5C45 /* ATNSimulator.swift */,
				B9BDBF6A1DF64911000F5C45 /* ATNState.swift */,
				B9BDBF6B1DF64911000F5C45 /* ATNType.swift */,
				B9BDBF6C1DF64911000F5C45 /* AtomTransition.swift */,
				B9BDBF6D1DF64911000F5C45 /* BasicBlockStartState.swift */,
				B9BDBF6E1DF64911000F5C45 /* BasicState.swift */,
				B9BDBF6F1DF64911000F5C45 /* BlockEndState.swift */,
				B9BDBF701DF64911000F5C45 /* BlockStartState.swift */,
				B9BDBF711DF64911000F5C45 /* ContextSensitivityInfo.swift */,
				B9BDBF721DF64911000F5C45 /* DecisionEventInfo.swift */,
				B9BDBF731DF64911000F5C45 /* DecisionInfo.swift */,
				B9BDBF741DF64911000F5C45 /* DecisionState.swift */,
				B9BDBF751DF64911000F5C45 /* DefaultATNConfig.swift */,
				B9BDBF761DF64911000F5C45 /* EmptyPredictionContext.swift */,
				B9BDBF771DF64911000F5C45 /* EpsilonTransition.swift */,
				B9BDBF781DF64911000F5C45 /* ErrorInfo.swift */,
				B9BDBF791DF64911000F5C45 /* LexerAction.swift */,
				B9BDBF7A1DF64911000F5C45 /* LexerActionExecutor.swift */,
				B9BDBF7B1DF64911000F5C45 /* LexerActionType.swift */,
				B9BDBF7C1DF64911000F5C45 /* LexerATNConfig.swift */,
				B9BDBF7D1DF64911000F5C45 /* LexerATNSimulator.swift */,
				B9BDBF7E1DF64911000F5C45 /* LexerChannelAction.swift */,
				B9BDBF7F1DF64911000F5C45 /* LexerCustomAction.swift */,
				B9BDBF801DF64911000F5C45 /* LexerIndexedCustomAction.swift */,
				B9BDBF811DF64911000F5C45 /* LexerModeAction.swift */,
				B9BDBF821DF64911000F5C45 /* LexerMoreAction.swift */,
				B9BDBF831DF64911000F5C45 /* LexerPopModeAction.swift */,
				B9BDBF841DF64911000F5C45 /* LexerPushModeAction.swift */,
				B9BDBF851DF64911000F5C45 /* LexerSkipAction.swift */,
				B9BDBF861DF64911000F5C45 /* LexerTypeAction.swift */,
				B9BDBF871DF64911000F5C45 /* LL1Analyzer.swift */,
				B9BDBF881DF64911000F5C45 /* LookaheadEventInfo.swift */,
				B9BDBF891DF64911000F5C45 /* LookupATNConfig.swift */,
				B9BDBF8A1DF64911000F5C45 /* LookupDictionary.swift */,
				B9BDBF8B1DF64911000F5C45 /* LoopEndState.swift */,
				B9BDBF8C1DF64911000F5C45 /* NotSetTransition.swift */,
				B9BDBF8D1DF64911000F5C45 /* OrderedATNConfig.swift */,
				B9BDBF8E1DF64911000F5C45 /* OrderedATNConfigSet.swift */,
				B9BDBF8F1DF64911000F5C45 /* ParseInfo.swift */,
				B9BDBF901DF64911000F5C45 /* ParserATNSimulator.swift */,
				B9BDBF911DF64911000F5C45 /* PlusBlockStartState.swift */,
				B9BDBF921DF64911000F5C45 /* PlusLoopbackState.swift */,
				B9BDBF931DF64911000F5C45 /* PrecedencePredicateTransition.swift */,
				B9BDBF941DF64911000F5C45 /* PredicateEvalInfo.swift */,
				B9BDBF951DF64911000F5C45 /* PredicateTransition.swift */,
				B9BDBF961DF64911000F5C45 /* PredictionContext.swift */,
				B9BDBF971DF64911000F5C45 /* PredictionContextCache.swift */,
				B9BDBF981DF64911000F5C45 /* PredictionMode.swift */,
				B9BDBF991DF64911000F5C45 /* ProfilingATNSimulator.swift */,
				B9BDBF9A1DF64911000F5C45 /* RangeTransition.swift */,
				B9BDBF9B1DF64911000F5C45 /* RuleStartState.swift */,
				B9BDBF9C1DF64911000F5C45 /* RuleStopState.swift */,
				B9BDBF9D1DF64911000F5C45 /* RuleTransition.swift */,
				B9BDBF9E1DF64911000F5C45 /* SemanticContext.swift */,
				B9BDBF9F1DF64911000F5C45 /* SetTransition.swift */,
				B9BDBFA01DF64911000F5C45 /* SingletonPredictionContext.swift */,
				B9BDBFA11DF64911000F5C45 /* StarBlockStartState.swift */,
				B9BDBFA21DF64911000F5C45 /* StarLoopbackState.swift */,
				B9BDBFA31DF64911000F5C45 /* StarLoopEntryState.swift */,
				B9BDBFA41DF64911000F5C45 /* TokensStartState.swift */,
				B9BDBFA51DF64911000F5C45 /* Transition.swift */,
				B9BDBFA61DF64911000F5C45 /* WildcardTransition.swift */,
			);
			path = atn;
			sourceTree = "<group>";
		};
		B9BDBFB01DF64911000F5C45 /* dfa */ = {
			isa = PBXGroup;
			children = (
				B9BDBFB11DF64911000F5C45 /* DFA.swift */,
				B9BDBFB21DF64911000F5C45 /* DFASerializer.swift */,
				B9BDBFB31DF64911000F5C45 /* DFAState.swift */,
				B9BDBFB41DF64911000F5C45 /* LexerDFASerializer.swift */,
			);
			path = dfa;
			sourceTree = "<group>";
		};
		B9BDBFBE1DF64911000F5C45 /* misc */ = {
			isa = PBXGroup;
			children = (
				B9BDBFBF1DF64911000F5C45 /* ArrayList.swift */,
				B9BDBFC01DF64911000F5C45 /* ArrayWrapper.swift */,
				B9BDBFC11DF64911000F5C45 /* BitSet.swift */,
				B9BDBFC21DF64911000F5C45 /* DoubleKeyMap.swift */,
				B9BDBFC31DF64911000F5C45 /* exception */,
				B9BDBFC61DF64911000F5C45 /* extension */,
				B9BDBFCD1DF64911000F5C45 /* HashMap.swift */,
				B9BDBFCE1DF64911000F5C45 /* Interval.swift */,
				B9BDBFCF1DF64911000F5C45 /* IntervalSet.swift */,
				B9BDBFD01DF64911000F5C45 /* IntSet.swift */,
				B9BDBFD11DF64911000F5C45 /* MultiMap.swift */,
				B9BDBFD21DF64911000F5C45 /* MurmurHash.swift */,
				B9BDBFD31DF64911000F5C45 /* Triple.swift */,
				B9BDBFD41DF64911000F5C45 /* utils */,
				B9BDBFD81DF64911000F5C45 /* Utils.swift */,
			);
			path = misc;
			sourceTree = "<group>";
		};
		B9BDBFC31DF64911000F5C45 /* exception */ = {
			isa = PBXGroup;
			children = (
				B9BDBFC41DF64911000F5C45 /* ANTLRError.swift */,
				B9BDBFC51DF64911000F5C45 /* ANTLRException.swift */,
			);
			path = exception;
			sourceTree = "<group>";
		};
		B9BDBFC61DF64911000F5C45 /* extension */ = {
			isa = PBXGroup;
			children = (
				B9BDBFC71DF64911000F5C45 /* ArrayExtension.swift */,
				B9BDBFC81DF64911000F5C45 /* CharacterExtension.swift */,
				B9BDBFC91DF64911000F5C45 /* IntStreamExtension.swift */,
				B9BDBFCA1DF64911000F5C45 /* NSUUIDExtension.swift */,
				B9BDBFCB1DF64911000F5C45 /* StirngExtension.swift */,
				B9BDBFCC1DF64911000F5C45 /* TokenExtension.swift */,
			);
			path = extension;
			sourceTree = "<group>";
		};
		B9BDBFD41DF64911000F5C45 /* utils */ = {
			isa = PBXGroup;
			children = (
				B9BDBFD51DF64911000F5C45 /* CommonUtil.swift */,
				B9BDBFD61DF64911000F5C45 /* Stack.swift */,
				B9BDBFD71DF64911000F5C45 /* StringBuilder.swift */,
			);
			path = utils;
			sourceTree = "<group>";
		};
		B9BDBFE71DF64911000F5C45 /* tree */ = {
			isa = PBXGroup;
			children = (
				B9BDBFE81DF64911000F5C45 /* AbstractParseTreeVisitor.swift */,
				B9BDBFE91DF64911000F5C45 /* ErrorNode.swift */,
				B9BDBFEA1DF64911000F5C45 /* ParseTree.swift */,
				B9BDBFEB1DF64911000F5C45 /* ParseTreeListener.swift */,
				B9BDBFEC1DF64911000F5C45 /* ParseTreeVisitor.swift */,
				B9BDBFED1DF64911000F5C45 /* ParseTreeWalker.swift */,
				B9BDBFEE1DF64911000F5C45 /* pattern */,
				B9BDBFF71DF64911000F5C45 /* RuleNode.swift */,
				B9BDBFF81DF64911000F5C45 /* SyntaxTree.swift */,
				B9BDBFF91DF64911000F5C45 /* TerminalNode.swift */,
				B9BDBFFA1DF64911000F5C45 /* TerminalNodeImpl.swift */,
				B9BDBFFB1DF64911000F5C45 /* Tree.swift */,
				B9BDBFFC1DF64911000F5C45 /* Trees.swift */,
			);
			path = tree;
			sourceTree = "<group>";
		};
		B9BDBFEE1DF64911000F5C45 /* pattern */ = {
			isa = PBXGroup;
			children = (
				B9BDBFEF1DF64911000F5C45 /* Chunk.swift */,
				B9BDBFF01DF64911000F5C45 /* ParseTreeMatch.swift */,
				B9BDBFF11DF64911000F5C45 /* ParseTreePattern.swift */,
				B9BDBFF21DF64911000F5C45 /* ParseTreePatternMatcher.swift */,
				B9BDBFF31DF64911000F5C45 /* RuleTagToken.swift */,
				B9BDBFF41DF64911000F5C45 /* TagChunk.swift */,
				B9BDBFF51DF64911000F5C45 /* TextChunk.swift */,
				B9BDBFF61DF64911000F5C45 /* TokenTagToken.swift */,
			);
			path = pattern;
			sourceTree = "<group>";
		};
		B9C601AC1E01C071000FB2BA /* hexdreams */ = {
			isa = PBXGroup;
			children = (
				B9C601AD1E01C071000FB2BA /* CommandLineInterface.swift */,
			);
			path = hexdreams;
			sourceTree = "<group>";
		};
		B9C601AF1E01C0A2000FB2BA /* Swift */ = {
			isa = PBXGroup;
			children = (
				B9C601B01E01C0A2000FB2BA /* ArrayExtensions.swift */,
				B9C601B11E01C0A2000FB2BA /* StringExtensions.swift */,
			);
			path = Swift;
			sourceTree = "<group>";
		};
/* End PBXGroup section */

/* Begin PBXNativeTarget section */
		B96F23641DF1F2A50080335B /* pdate */ = {
			isa = PBXNativeTarget;
			buildConfigurationList = B96F236C1DF1F2A60080335B /* Build configuration list for PBXNativeTarget "pdate" */;
			buildPhases = (
				B96F23611DF1F2A50080335B /* Sources */,
				B96F23621DF1F2A50080335B /* Frameworks */,
				B96F23631DF1F2A50080335B /* CopyFiles */,
			);
			buildRules = (
			);
			dependencies = (
			);
			name = pdate;
			productName = pdate;
			productReference = B96F23651DF1F2A60080335B /* pdate */;
			productType = "com.apple.product-type.tool";
		};
/* End PBXNativeTarget section */

/* Begin PBXProject section */
		B96F235D1DF1F2A50080335B /* Project object */ = {
			isa = PBXProject;
			attributes = {
				LastSwiftUpdateCheck = 0820;
				LastUpgradeCheck = 0820;
				ORGANIZATIONNAME = "Kenny Leung";
				TargetAttributes = {
					B96F23641DF1F2A50080335B = {
						CreatedOnToolsVersion = 8.2;
						ProvisioningStyle = Automatic;
					};
				};
			};
			buildConfigurationList = B96F23601DF1F2A50080335B /* Build configuration list for PBXProject "pdate" */;
			compatibilityVersion = "Xcode 3.2";
			developmentRegion = English;
			hasScannedForEncodings = 0;
			knownRegions = (
				en,
			);
			mainGroup = B96F235C1DF1F2A50080335B;
			productRefGroup = B96F23661DF1F2A60080335B /* Products */;
			projectDirPath = "";
			projectRoot = "";
			targets = (
				B96F23641DF1F2A50080335B /* pdate */,
			);
		};
/* End PBXProject section */

/* Begin PBXSourcesBuildPhase section */
		B96F23611DF1F2A50080335B /* Sources */ = {
			isa = PBXSourcesBuildPhase;
			buildActionMask = 2147483647;
			files = (
				B9BDC0041DF64911000F5C45 /* AbstractPredicateTransition.swift in Sources */,
				B9C601AE1E01C071000FB2BA /* CommandLineInterface.swift in Sources */,
				B9BDC0891DF64911000F5C45 /* ParseTreeListener.swift in Sources */,
				B9BDC0781DF64911000F5C45 /* NoViableAltException.swift in Sources */,
				B9BDC09C1DF64911000F5C45 /* WritableToken.swift in Sources */,
				B9BDC0531DF64911000F5C45 /* DefaultErrorStrategy.swift in Sources */,
				B9BDC0351DF64911000F5C45 /* PlusBlockStartState.swift in Sources */,
				B9BDC0061DF64911000F5C45 /* AmbiguityInfo.swift in Sources */,
				B9BDC0911DF64911000F5C45 /* TagChunk.swift in Sources */,
				B9BDC00A1DF64911000F5C45 /* ATNConfigSet.swift in Sources */,
				B9BDC08C1DF64911000F5C45 /* Chunk.swift in Sources */,
				B9BDC05B1DF64911000F5C45 /* InterpreterRuleContext.swift in Sources */,
				B9BDC0311DF64911000F5C45 /* OrderedATNConfig.swift in Sources */,
				B9BDC00D1DF64911000F5C45 /* ATNSimulator.swift in Sources */,
				B9BDC0871DF64911000F5C45 /* ErrorNode.swift in Sources */,
				B9BDC0011DF64911000F5C45 /* ANTLRErrorStrategy.swift in Sources */,
				B9BDC0631DF64911000F5C45 /* BitSet.swift in Sources */,
				B9BDC0691DF64911000F5C45 /* IntStreamExtension.swift in Sources */,
				B9BDC0501DF64911000F5C45 /* CommonTokenFactory.swift in Sources */,
				B9BDC0901DF64911000F5C45 /* RuleTagToken.swift in Sources */,
				B9BDC00B1DF64911000F5C45 /* ATNDeserializationOptions.swift in Sources */,
				B9BDC0671DF64911000F5C45 /* ArrayExtension.swift in Sources */,
				B9BDC07C1DF64911000F5C45 /* ProxyErrorListener.swift in Sources */,
				B9BDC0071DF64911000F5C45 /* ArrayPredictionContext.swift in Sources */,
				B9BDC0381DF64911000F5C45 /* PredicateEvalInfo.swift in Sources */,
				B965DBA01DF362D3002AE9D8 /* DateExtensions.swift in Sources */,
				B9BDC0771DF64911000F5C45 /* Utils.swift in Sources */,
				B9C601B21E01C0A2000FB2BA /* ArrayExtensions.swift in Sources */,
				B9BDC03C1DF64911000F5C45 /* PredictionMode.swift in Sources */,
				B9BDBF581DF6474B000F5C45 /* pdateParserATN.swift in Sources */,
				B9BDC0651DF64911000F5C45 /* ANTLRError.swift in Sources */,
				B9BDC00E1DF64911000F5C45 /* ATNState.swift in Sources */,
				B9BDC04F1DF64911000F5C45 /* CommonToken.swift in Sources */,
				B9BDC04B1DF64911000F5C45 /* BailErrorStrategy.swift in Sources */,
				B9BDC03B1DF64911000F5C45 /* PredictionContextCache.swift in Sources */,
				B9BDC0581DF64911000F5C45 /* DiagnosticErrorListener.swift in Sources */,
				B9BDC0401DF64911000F5C45 /* RuleStopState.swift in Sources */,
				B9BDC0331DF64911000F5C45 /* ParseInfo.swift in Sources */,
				B9BDBF551DF6474B000F5C45 /* pdateLexerATN.swift in Sources */,
				B9BDC0601DF64911000F5C45 /* ListTokenSource.swift in Sources */,
				B9BDC06A1DF64911000F5C45 /* NSUUIDExtension.swift in Sources */,
				B9BDC05D1DF64911000F5C45 /* Lexer.swift in Sources */,
				B9BDBF541DF6474B000F5C45 /* pdateLexer.swift in Sources */,
				B9BDC01A1DF64911000F5C45 /* EmptyPredictionContext.swift in Sources */,
				B9BDC06B1DF64911000F5C45 /* StirngExtension.swift in Sources */,
				B9BDC0431DF64911000F5C45 /* SetTransition.swift in Sources */,
				B9BDC0A01DF66802000F5C45 /* ParserRuleContextExtensions.swift in Sources */,
				B9BDC0711DF64911000F5C45 /* MultiMap.swift in Sources */,
				B9BDC05C1DF64911000F5C45 /* IntStream.swift in Sources */,
				B9BDC0191DF64911000F5C45 /* DefaultATNConfig.swift in Sources */,
				B9BDC0051DF64911000F5C45 /* ActionTransition.swift in Sources */,
				B9BDC0281DF64911000F5C45 /* LexerPushModeAction.swift in Sources */,
				B9BDC0001DF64911000F5C45 /* ANTLRErrorListener.swift in Sources */,
				B9BDC08F1DF64911000F5C45 /* ParseTreePatternMatcher.swift in Sources */,
				B9BDC03D1DF64911000F5C45 /* ProfilingATNSimulator.swift in Sources */,
				B9BDC0481DF64911000F5C45 /* TokensStartState.swift in Sources */,
				B9BDC0471DF64911000F5C45 /* StarLoopEntryState.swift in Sources */,
				B9BDC0661DF64911000F5C45 /* ANTLRException.swift in Sources */,
				B9BDC0681DF64911000F5C45 /* CharacterExtension.swift in Sources */,
				B9BDC01C1DF64911000F5C45 /* ErrorInfo.swift in Sources */,
				B9BDC0851DF64911000F5C45 /* TokenStreamRewriter.swift in Sources */,
				B9BDC0271DF64911000F5C45 /* LexerPopModeAction.swift in Sources */,
				B9BDC0241DF64911000F5C45 /* LexerIndexedCustomAction.swift in Sources */,
				B9BDC03F1DF64911000F5C45 /* RuleStartState.swift in Sources */,
				B9BDC03A1DF64911000F5C45 /* PredictionContext.swift in Sources */,
				B9BDC0161DF64911000F5C45 /* DecisionEventInfo.swift in Sources */,
				B9BDC0301DF64911000F5C45 /* NotSetTransition.swift in Sources */,
				B9BDC08D1DF64911000F5C45 /* ParseTreeMatch.swift in Sources */,
				B9BDC0571DF64911000F5C45 /* LexerDFASerializer.swift in Sources */,
				B9BDC0121DF64911000F5C45 /* BasicState.swift in Sources */,
				B96F23691DF1F2A60080335B /* main.swift in Sources */,
				B9C601B31E01C0A2000FB2BA /* StringExtensions.swift in Sources */,
				B9BDC0091DF64911000F5C45 /* ATNConfig.swift in Sources */,
				B9BDC07A1DF64911000F5C45 /* ParserInterpreter.swift in Sources */,
				B9BDC0931DF64911000F5C45 /* TokenTagToken.swift in Sources */,
				B9BDC0641DF64911000F5C45 /* DoubleKeyMap.swift in Sources */,
				B9BDC02D1DF64911000F5C45 /* LookupATNConfig.swift in Sources */,
				B9BDC0151DF64911000F5C45 /* ContextSensitivityInfo.swift in Sources */,
				B9BDC0921DF64911000F5C45 /* TextChunk.swift in Sources */,
				B9BDC0361DF64911000F5C45 /* PlusLoopbackState.swift in Sources */,
				B965DB801DF34A36002AE9D8 /* InputParser.swift in Sources */,
				B9BDBF571DF6474B000F5C45 /* pdateParser.swift in Sources */,
				B9BDC05F1DF64911000F5C45 /* LexerNoViableAltException.swift in Sources */,
				B9BDC0511DF64911000F5C45 /* CommonTokenStream.swift in Sources */,
				B9BDC0961DF64911000F5C45 /* TerminalNode.swift in Sources */,
				B9BDC0321DF64911000F5C45 /* OrderedATNConfigSet.swift in Sources */,
				B9BDC0171DF64911000F5C45 /* DecisionInfo.swift in Sources */,
				B9BDC0741DF64911000F5C45 /* CommonUtil.swift in Sources */,
				B9BDC06F1DF64911000F5C45 /* IntervalSet.swift in Sources */,
				B9BDBF561DF6474B000F5C45 /* pdateListener.swift in Sources */,
				B9BDC0861DF64911000F5C45 /* AbstractParseTreeVisitor.swift in Sources */,
				B965DBA91DF3652E002AE9D8 /* hexdreams.swift in Sources */,
				B9BDC0261DF64911000F5C45 /* LexerMoreAction.swift in Sources */,
				B9BDC02F1DF64911000F5C45 /* LoopEndState.swift in Sources */,
				B9BDC02B1DF64911000F5C45 /* LL1Analyzer.swift in Sources */,
				B9BDC08B1DF64911000F5C45 /* ParseTreeWalker.swift in Sources */,
				B9BDC07F1DF64911000F5C45 /* RuleContext.swift in Sources */,
				B9BDC0791DF64911000F5C45 /* Parser.swift in Sources */,
				B9BDC02A1DF64911000F5C45 /* LexerTypeAction.swift in Sources */,
				B9BDC06C1DF64911000F5C45 /* TokenExtension.swift in Sources */,
				B9BDC0841DF64911000F5C45 /* TokenStream.swift in Sources */,
				B9BDC0521DF64911000F5C45 /* ConsoleErrorListener.swift in Sources */,
				B9BDC04D1DF64911000F5C45 /* BufferedTokenStream.swift in Sources */,
				B9BDC0591DF64911000F5C45 /* FailedPredicateException.swift in Sources */,
				B9BDC0181DF64911000F5C45 /* DecisionState.swift in Sources */,
				B9BDC03E1DF64911000F5C45 /* RangeTransition.swift in Sources */,
				B9BDC0141DF64911000F5C45 /* BlockStartState.swift in Sources */,
				B9BDC07B1DF64911000F5C45 /* ParserRuleContext.swift in Sources */,
				B9BDC0451DF64911000F5C45 /* StarBlockStartState.swift in Sources */,
				B9BDC09A1DF64911000F5C45 /* UnbufferedTokenStream.swift in Sources */,
				B9BDC05E1DF64911000F5C45 /* LexerInterpreter.swift in Sources */,
				B9BDC01F1DF64911000F5C45 /* LexerActionType.swift in Sources */,
				B9BDC00F1DF64911000F5C45 /* ATNType.swift in Sources */,
				B9BDBF521DF6474B000F5C45 /* pdateBaseListener.swift in Sources */,
				B9BDC0951DF64911000F5C45 /* SyntaxTree.swift in Sources */,
				B9BDC0801DF64911000F5C45 /* RuntimeMetaData.swift in Sources */,
				B9BDC0341DF64911000F5C45 /* ParserATNSimulator.swift in Sources */,
				B9BDC00C1DF64911000F5C45 /* ATNDeserializer.swift in Sources */,
				B9BDC01E1DF64911000F5C45 /* LexerActionExecutor.swift in Sources */,
				B9BDC0541DF64911000F5C45 /* DFA.swift in Sources */,
				B9BDC0941DF64911000F5C45 /* RuleNode.swift in Sources */,
				B9BDC01B1DF64911000F5C45 /* EpsilonTransition.swift in Sources */,
				B9BDC0021DF64911000F5C45 /* ANTLRFileStream.swift in Sources */,
				B9BDC0821DF64911000F5C45 /* TokenFactory.swift in Sources */,
				B9BDC0981DF64911000F5C45 /* Tree.swift in Sources */,
				B9BDC0131DF64911000F5C45 /* BlockEndState.swift in Sources */,
				B9BDC05A1DF64911000F5C45 /* InputMismatchException.swift in Sources */,
				B9BDC0201DF64911000F5C45 /* LexerATNConfig.swift in Sources */,
				B9BDC08E1DF64911000F5C45 /* ParseTreePattern.swift in Sources */,
				B9BDC0731DF64911000F5C45 /* Triple.swift in Sources */,
				B9BDC0461DF64911000F5C45 /* StarLoopbackState.swift in Sources */,
				B9BDC0031DF64911000F5C45 /* ANTLRInputStream.swift in Sources */,
				B9BDC0081DF64911000F5C45 /* ATN.swift in Sources */,
				B9BDC0491DF64911000F5C45 /* Transition.swift in Sources */,
				B9BDC08A1DF64911000F5C45 /* ParseTreeVisitor.swift in Sources */,
				B9BDC0611DF64911000F5C45 /* ArrayList.swift in Sources */,
				B9BDC02C1DF64911000F5C45 /* LookaheadEventInfo.swift in Sources */,
				B9BDC0761DF64911000F5C45 /* StringBuilder.swift in Sources */,
				B9BDC0971DF64911000F5C45 /* TerminalNodeImpl.swift in Sources */,
				B9BDC0441DF64911000F5C45 /* SingletonPredictionContext.swift in Sources */,
				B9BDC04C1DF64911000F5C45 /* BaseErrorListener.swift in Sources */,
				B9BDC0371DF64911000F5C45 /* PrecedencePredicateTransition.swift in Sources */,
				B9BDC0621DF64911000F5C45 /* ArrayWrapper.swift in Sources */,
				B9BDC0831DF64911000F5C45 /* TokenSource.swift in Sources */,
				B9BDC01D1DF64911000F5C45 /* LexerAction.swift in Sources */,
				B9BDC0291DF64911000F5C45 /* LexerSkipAction.swift in Sources */,
				B9BDC07D1DF64911000F5C45 /* RecognitionException.swift in Sources */,
				B9BDC06E1DF64911000F5C45 /* Interval.swift in Sources */,
				B9BDC0551DF64911000F5C45 /* DFASerializer.swift in Sources */,
				B9BDC0221DF64911000F5C45 /* LexerChannelAction.swift in Sources */,
				B9BDC0701DF64911000F5C45 /* IntSet.swift in Sources */,
				B9BDC0211DF64911000F5C45 /* LexerATNSimulator.swift in Sources */,
				B9BDC0881DF64911000F5C45 /* ParseTree.swift in Sources */,
				B9BDC02E1DF64911000F5C45 /* LookupDictionary.swift in Sources */,
				B9BDC0101DF64911000F5C45 /* AtomTransition.swift in Sources */,
				B9BDC0251DF64911000F5C45 /* LexerModeAction.swift in Sources */,
				B9BDC0811DF64911000F5C45 /* Token.swift in Sources */,
				B9BDC04A1DF64911000F5C45 /* WildcardTransition.swift in Sources */,
				B9BDC0421DF64911000F5C45 /* SemanticContext.swift in Sources */,
				B9BDC0751DF64911000F5C45 /* Stack.swift in Sources */,
				B9BDC0111DF64911000F5C45 /* BasicBlockStartState.swift in Sources */,
				B9BDC0721DF64911000F5C45 /* MurmurHash.swift in Sources */,
				B9BDC0411DF64911000F5C45 /* RuleTransition.swift in Sources */,
				B9BDC06D1DF64911000F5C45 /* HashMap.swift in Sources */,
				B9BDC0231DF64911000F5C45 /* LexerCustomAction.swift in Sources */,
				B9BDBF591DF6474B000F5C45 /* pdateVisitor.swift in Sources */,
				B9BDC07E1DF64911000F5C45 /* Recognizer.swift in Sources */,
				B9BDC0991DF64911000F5C45 /* Trees.swift in Sources */,
				B9BDC04E1DF64911000F5C45 /* CharStream.swift in Sources */,
				B9BDC0561DF64911000F5C45 /* DFAState.swift in Sources */,
				B9BDBF531DF6474B000F5C45 /* pdateBaseVisitor.swift in Sources */,
				B9BDC09B1DF64911000F5C45 /* VocabularySingle.swift in Sources */,
				B9BDC0391DF64911000F5C45 /* PredicateTransition.swift in Sources */,
			);
			runOnlyForDeploymentPostprocessing = 0;
		};
/* End PBXSourcesBuildPhase section */

/* Begin XCBuildConfiguration section */
		B96F236A1DF1F2A60080335B /* Debug */ = {
			isa = XCBuildConfiguration;
			buildSettings = {
				ALWAYS_SEARCH_USER_PATHS = NO;
				CLANG_ANALYZER_NONNULL = YES;
				CLANG_CXX_LANGUAGE_STANDARD = "gnu++0x";
				CLANG_CXX_LIBRARY = "libc++";
				CLANG_ENABLE_MODULES = YES;
				CLANG_ENABLE_OBJC_ARC = YES;
				CLANG_WARN_BOOL_CONVERSION = YES;
				CLANG_WARN_CONSTANT_CONVERSION = YES;
				CLANG_WARN_DIRECT_OBJC_ISA_USAGE = YES_ERROR;
				CLANG_WARN_DOCUMENTATION_COMMENTS = YES;
				CLANG_WARN_EMPTY_BODY = YES;
				CLANG_WARN_ENUM_CONVERSION = YES;
				CLANG_WARN_INFINITE_RECURSION = YES;
				CLANG_WARN_INT_CONVERSION = YES;
				CLANG_WARN_OBJC_ROOT_CLASS = YES_ERROR;
				CLANG_WARN_SUSPICIOUS_MOVE = YES;
				CLANG_WARN_UNREACHABLE_CODE = YES;
				CLANG_WARN__DUPLICATE_METHOD_MATCH = YES;
				CODE_SIGN_IDENTITY = "-";
				COPY_PHASE_STRIP = NO;
				DEBUG_INFORMATION_FORMAT = dwarf;
				ENABLE_STRICT_OBJC_MSGSEND = YES;
				ENABLE_TESTABILITY = YES;
				GCC_C_LANGUAGE_STANDARD = gnu99;
				GCC_DYNAMIC_NO_PIC = NO;
				GCC_NO_COMMON_BLOCKS = YES;
				GCC_OPTIMIZATION_LEVEL = 0;
				GCC_PREPROCESSOR_DEFINITIONS = (
					"DEBUG=1",
					"$(inherited)",
				);
				GCC_WARN_64_TO_32_BIT_CONVERSION = YES;
				GCC_WARN_ABOUT_RETURN_TYPE = YES_ERROR;
				GCC_WARN_UNDECLARED_SELECTOR = YES;
				GCC_WARN_UNINITIALIZED_AUTOS = YES_AGGRESSIVE;
				GCC_WARN_UNUSED_FUNCTION = YES;
				GCC_WARN_UNUSED_VARIABLE = YES;
				MACOSX_DEPLOYMENT_TARGET = 10.12;
				MTL_ENABLE_DEBUG_INFO = YES;
				ONLY_ACTIVE_ARCH = YES;
				SDKROOT = macosx;
				SWIFT_OPTIMIZATION_LEVEL = "-Onone";
			};
			name = Debug;
		};
		B96F236B1DF1F2A60080335B /* Release */ = {
			isa = XCBuildConfiguration;
			buildSettings = {
				ALWAYS_SEARCH_USER_PATHS = NO;
				CLANG_ANALYZER_NONNULL = YES;
				CLANG_CXX_LANGUAGE_STANDARD = "gnu++0x";
				CLANG_CXX_LIBRARY = "libc++";
				CLANG_ENABLE_MODULES = YES;
				CLANG_ENABLE_OBJC_ARC = YES;
				CLANG_WARN_BOOL_CONVERSION = YES;
				CLANG_WARN_CONSTANT_CONVERSION = YES;
				CLANG_WARN_DIRECT_OBJC_ISA_USAGE = YES_ERROR;
				CLANG_WARN_DOCUMENTATION_COMMENTS = YES;
				CLANG_WARN_EMPTY_BODY = YES;
				CLANG_WARN_ENUM_CONVERSION = YES;
				CLANG_WARN_INFINITE_RECURSION = YES;
				CLANG_WARN_INT_CONVERSION = YES;
				CLANG_WARN_OBJC_ROOT_CLASS = YES_ERROR;
				CLANG_WARN_SUSPICIOUS_MOVE = YES;
				CLANG_WARN_UNREACHABLE_CODE = YES;
				CLANG_WARN__DUPLICATE_METHOD_MATCH = YES;
				CODE_SIGN_IDENTITY = "-";
				COPY_PHASE_STRIP = NO;
				DEBUG_INFORMATION_FORMAT = "dwarf-with-dsym";
				ENABLE_NS_ASSERTIONS = NO;
				ENABLE_STRICT_OBJC_MSGSEND = YES;
				GCC_C_LANGUAGE_STANDARD = gnu99;
				GCC_NO_COMMON_BLOCKS = YES;
				GCC_WARN_64_TO_32_BIT_CONVERSION = YES;
				GCC_WARN_ABOUT_RETURN_TYPE = YES_ERROR;
				GCC_WARN_UNDECLARED_SELECTOR = YES;
				GCC_WARN_UNINITIALIZED_AUTOS = YES_AGGRESSIVE;
				GCC_WARN_UNUSED_FUNCTION = YES;
				GCC_WARN_UNUSED_VARIABLE = YES;
				MACOSX_DEPLOYMENT_TARGET = 10.12;
				MTL_ENABLE_DEBUG_INFO = NO;
				SDKROOT = macosx;
			};
			name = Release;
		};
		B96F236D1DF1F2A60080335B /* Debug */ = {
			isa = XCBuildConfiguration;
			buildSettings = {
				PRODUCT_NAME = "$(TARGET_NAME)";
				SWIFT_VERSION = 3.0;
			};
			name = Debug;
		};
		B96F236E1DF1F2A60080335B /* Release */ = {
			isa = XCBuildConfiguration;
			buildSettings = {
				PRODUCT_NAME = "$(TARGET_NAME)";
				SWIFT_VERSION = 3.0;
			};
			name = Release;
		};
/* End XCBuildConfiguration section */

/* Begin XCConfigurationList section */
		B96F23601DF1F2A50080335B /* Build configuration list for PBXProject "pdate" */ = {
			isa = XCConfigurationList;
			buildConfigurations = (
				B96F236A1DF1F2A60080335B /* Debug */,
				B96F236B1DF1F2A60080335B /* Release */,
			);
			defaultConfigurationIsVisible = 0;
			defaultConfigurationName = Release;
		};
		B96F236C1DF1F2A60080335B /* Build configuration list for PBXNativeTarget "pdate" */ = {
			isa = XCConfigurationList;
			buildConfigurations = (
				B96F236D1DF1F2A60080335B /* Debug */,
				B96F236E1DF1F2A60080335B /* Release */,
			);
			defaultConfigurationIsVisible = 0;
			defaultConfigurationName = Release;
		};
/* End XCConfigurationList section */
	};
	rootObject = B96F235D1DF1F2A50080335B /* Project object */;
}
